// !$*UTF8*$!
{
	archiveVersion = 1;
	classes = {
	};
	objectVersion = 50;
	objects = {

/* Begin PBXBuildFile section */
		7C1E4A0D2139A287005F1944 /* assets in Resources */ = {isa = PBXBuildFile; fileRef = 7C1E4A0C2139A287005F1944 /* assets */; };
		7C1E4A0F214103AA005F1944 /* GalleryGridHeader.swift in Sources */ = {isa = PBXBuildFile; fileRef = 7C1E4A0E214103AA005F1944 /* GalleryGridHeader.swift */; };
		7C1E4A1121419B96005F1944 /* ImageProvider.swift in Sources */ = {isa = PBXBuildFile; fileRef = 7C1E4A1021419B96005F1944 /* ImageProvider.swift */; };
		7C2E237220DB0A380027A2F5 /* Files.swift in Sources */ = {isa = PBXBuildFile; fileRef = 7C2E237120DB0A380027A2F5 /* Files.swift */; };
		7C35B69420DD6B5C00500196 /* GalleryGridLayout.swift in Sources */ = {isa = PBXBuildFile; fileRef = 7C35B69320DD6B5C00500196 /* GalleryGridLayout.swift */; };
		7C35B69620DD766B00500196 /* GalleryPlaybackCtrl.swift in Sources */ = {isa = PBXBuildFile; fileRef = 7C35B69520DD766B00500196 /* GalleryPlaybackCtrl.swift */; };
		7C6CD11520D0DA530010F6B1 /* AppDelegate.swift in Sources */ = {isa = PBXBuildFile; fileRef = 7C6CD11420D0DA530010F6B1 /* AppDelegate.swift */; };
		7C6CD11C20D0DA550010F6B1 /* Assets.xcassets in Resources */ = {isa = PBXBuildFile; fileRef = 7C6CD11B20D0DA550010F6B1 /* Assets.xcassets */; };
		7C6CD11F20D0DA550010F6B1 /* LaunchScreen.storyboard in Resources */ = {isa = PBXBuildFile; fileRef = 7C6CD11D20D0DA550010F6B1 /* LaunchScreen.storyboard */; };
		7C6CD13020D1B4FD0010F6B1 /* ConnectCtrl.swift in Sources */ = {isa = PBXBuildFile; fileRef = 7C6CD12F20D1B4FD0010F6B1 /* ConnectCtrl.swift */; };
		7C6CD13C20D2223B0010F6B1 /* CommManager.swift in Sources */ = {isa = PBXBuildFile; fileRef = 7C6CD13B20D2223B0010F6B1 /* CommManager.swift */; };
		7C84966F20F990CF00C50601 /* SendGravity.swift in Sources */ = {isa = PBXBuildFile; fileRef = 7C84966E20F990CF00C50601 /* SendGravity.swift */; };
		7C84967120FD4D8E00C50601 /* LevelWidget.swift in Sources */ = {isa = PBXBuildFile; fileRef = 7C84967020FD4D8E00C50601 /* LevelWidget.swift */; };
		7C84967320FD5B0F00C50601 /* Angles.swift in Sources */ = {isa = PBXBuildFile; fileRef = 7C84967220FD5B0F00C50601 /* Angles.swift */; };
		7CA546FB21085A9600C81830 /* SettingsCtrl.swift in Sources */ = {isa = PBXBuildFile; fileRef = 7CA546FA21085A9600C81830 /* SettingsCtrl.swift */; };
		7CAD57B82118F493007205B2 /* LoadingPopupCtrl.swift in Sources */ = {isa = PBXBuildFile; fileRef = 7CAD57B72118F493007205B2 /* LoadingPopupCtrl.swift */; };
		7CAD57BA2119215D007205B2 /* LoadSpinner.swift in Sources */ = {isa = PBXBuildFile; fileRef = 7CAD57B92119215D007205B2 /* LoadSpinner.swift */; };
		7CAD57BC211A2BEC007205B2 /* ClickableButton.swift in Sources */ = {isa = PBXBuildFile; fileRef = 7CAD57BB211A2BEC007205B2 /* ClickableButton.swift */; };
		7CAE81C921273B2A0022569D /* LatencyTest.swift in Sources */ = {isa = PBXBuildFile; fileRef = 7CAE81C821273B2A0022569D /* LatencyTest.swift */; };
		7CAE81CB212F408F0022569D /* ID.swift in Sources */ = {isa = PBXBuildFile; fileRef = 7CAE81CA212F408F0022569D /* ID.swift */; };
		7CAE81CD212F69E20022569D /* Statistics.swift in Sources */ = {isa = PBXBuildFile; fileRef = 7CAE81CC212F69E20022569D /* Statistics.swift */; };
		7CAE81CF2138C2850022569D /* SettingsHtmlCtrl.swift in Sources */ = {isa = PBXBuildFile; fileRef = 7CAE81CE2138C2850022569D /* SettingsHtmlCtrl.swift */; };
		7CC66B7020E09F4900AF811B /* CameraSlaveCtrl.swift in Sources */ = {isa = PBXBuildFile; fileRef = 7CC66B6F20E09F4900AF811B /* CameraSlaveCtrl.swift */; };
		7CC66B7220E09FB500AF811B /* CameraBaseCtrl.swift in Sources */ = {isa = PBXBuildFile; fileRef = 7CC66B7120E09FB500AF811B /* CameraBaseCtrl.swift */; };
		7CC66B7420E0A04E00AF811B /* GalleryBtn.swift in Sources */ = {isa = PBXBuildFile; fileRef = 7CC66B7320E0A04E00AF811B /* GalleryBtn.swift */; };
		7CC66B7620E0BC5800AF811B /* MasterShake.swift in Sources */ = {isa = PBXBuildFile; fileRef = 7CC66B7520E0BC5800AF811B /* MasterShake.swift */; };
		7CCB728620E1B137000BE923 /* Handshake.swift in Sources */ = {isa = PBXBuildFile; fileRef = 7CCB728520E1B137000BE923 /* Handshake.swift */; };
		7CCB728820E20CFA000BE923 /* SendStatus.swift in Sources */ = {isa = PBXBuildFile; fileRef = 7CCB728720E20CFA000BE923 /* SendStatus.swift */; };
		7CCB728C20E2137F000BE923 /* SlaveState.swift in Sources */ = {isa = PBXBuildFile; fileRef = 7CCB728B20E2137F000BE923 /* SlaveState.swift */; };
		7CCB728E20E2A412000BE923 /* Listeners.swift in Sources */ = {isa = PBXBuildFile; fileRef = 7CCB728D20E2A412000BE923 /* Listeners.swift */; };
		7CCB729020E2F2C0000BE923 /* Version.swift in Sources */ = {isa = PBXBuildFile; fileRef = 7CCB728F20E2F2C0000BE923 /* Version.swift */; };
		7CCB729220E36EA8000BE923 /* SetFacing.swift in Sources */ = {isa = PBXBuildFile; fileRef = 7CCB729120E36EA8000BE923 /* SetFacing.swift */; };
		7CCB729420E374C4000BE923 /* SetOverlay.swift in Sources */ = {isa = PBXBuildFile; fileRef = 7CCB729320E374C4000BE923 /* SetOverlay.swift */; };
		7CCB729620E3ECFA000BE923 /* FireShutter.swift in Sources */ = {isa = PBXBuildFile; fileRef = 7CCB729520E3ECFA000BE923 /* FireShutter.swift */; };
		7CCB729820E5ADCA000BE923 /* SendPhoto.swift in Sources */ = {isa = PBXBuildFile; fileRef = 7CCB729720E5ADCA000BE923 /* SendPhoto.swift */; };
		7CCB729A20E75072000BE923 /* DesignableTextField.swift in Sources */ = {isa = PBXBuildFile; fileRef = 7CCB729920E75072000BE923 /* DesignableTextField.swift */; };
		7CCB729D20E8B4AC000BE923 /* Cookie.swift in Sources */ = {isa = PBXBuildFile; fileRef = 7CCB729C20E8B4AC000BE923 /* Cookie.swift */; };
		7CCB729F20F024C0000BE923 /* SetZoom.swift in Sources */ = {isa = PBXBuildFile; fileRef = 7CCB729E20F024C0000BE923 /* SetZoom.swift */; };
		7CCB72A320F41602000BE923 /* Disconnect.swift in Sources */ = {isa = PBXBuildFile; fileRef = 7CCB72A220F41602000BE923 /* Disconnect.swift */; };
		7CCB72A720F418F1000BE923 /* ConnectionPause.swift in Sources */ = {isa = PBXBuildFile; fileRef = 7CCB72A620F418F1000BE923 /* ConnectionPause.swift */; };
		7CDC416120D397C4005BE7A8 /* Comm.swift in Sources */ = {isa = PBXBuildFile; fileRef = 7CDC416020D397C4005BE7A8 /* Comm.swift */; };
		7CDC416420D39DD3005BE7A8 /* Ping.swift in Sources */ = {isa = PBXBuildFile; fileRef = 7CDC416320D39DD3005BE7A8 /* Ping.swift */; };
		7CDC416620D39DF6005BE7A8 /* CommandTypes.swift in Sources */ = {isa = PBXBuildFile; fileRef = 7CDC416520D39DF6005BE7A8 /* CommandTypes.swift */; };
		7CDC416820D40F21005BE7A8 /* Command.swift in Sources */ = {isa = PBXBuildFile; fileRef = 7CDC416720D40F21005BE7A8 /* Command.swift */; };
		7CDC416B20D4F0F6005BE7A8 /* Bytes.swift in Sources */ = {isa = PBXBuildFile; fileRef = 7CDC416A20D4F0F6005BE7A8 /* Bytes.swift */; };
		7CDC416D20D751EC005BE7A8 /* CameraMasterCtrl.swift in Sources */ = {isa = PBXBuildFile; fileRef = 7CDC416C20D751EC005BE7A8 /* CameraMasterCtrl.swift */; };
		7CDC417020D75C16005BE7A8 /* CameraPreview.swift in Sources */ = {isa = PBXBuildFile; fileRef = 7CDC416F20D75C16005BE7A8 /* CameraPreview.swift */; };
		7CDC417420D987AD005BE7A8 /* DesignableWidget.swift in Sources */ = {isa = PBXBuildFile; fileRef = 7CDC417320D987AD005BE7A8 /* DesignableWidget.swift */; };
		7CDC467720DAFE9E005BE7A8 /* GalleryGridCtrl.swift in Sources */ = {isa = PBXBuildFile; fileRef = 7CDC467620DAFE9E005BE7A8 /* GalleryGridCtrl.swift */; };
		7CDC467B20DB02AB005BE7A8 /* GalleryGridWidget.swift in Sources */ = {isa = PBXBuildFile; fileRef = 7CDC467A20DB02AB005BE7A8 /* GalleryGridWidget.swift */; };
		7CEE471F21433334009909EF /* ExportSelectCtrl.swift in Sources */ = {isa = PBXBuildFile; fileRef = 7CEE471E21433334009909EF /* ExportSelectCtrl.swift */; };
		7CF59840210B828F0015260C /* CameraPreviewOverlay.swift in Sources */ = {isa = PBXBuildFile; fileRef = 7CF5983F210B828F0015260C /* CameraPreviewOverlay.swift */; };
		7CF59842210E08DC0015260C /* SettingsListSelectorCtrl.swift in Sources */ = {isa = PBXBuildFile; fileRef = 7CF59841210E08DC0015260C /* SettingsListSelectorCtrl.swift */; };
		7CF59844211157810015260C /* SettingsListWidget.swift in Sources */ = {isa = PBXBuildFile; fileRef = 7CF59843211157810015260C /* SettingsListWidget.swift */; };
		7CF59846211234980015260C /* SetCaptureQuality.swift in Sources */ = {isa = PBXBuildFile; fileRef = 7CF59845211234980015260C /* SetCaptureQuality.swift */; };
		7E5A01222618EFDC00BF8D86 /* MulticastDelegate.swift in Sources */ = {isa = PBXBuildFile; fileRef = 7E5A01212618EFDC00BF8D86 /* MulticastDelegate.swift */; };
		7E5A0126261A860600BF8D86 /* DualCameraMultiCameraCtrl.swift in Sources */ = {isa = PBXBuildFile; fileRef = 7E5A0125261A860600BF8D86 /* DualCameraMultiCameraCtrl.swift */; };
		7E5A0129261A940500BF8D86 /* DualCameraLegacyCameraCtrl.swift in Sources */ = {isa = PBXBuildFile; fileRef = 7E5A0128261A940500BF8D86 /* DualCameraLegacyCameraCtrl.swift */; };
		7E5A012C261EBB0B00BF8D86 /* ImageEditorCtrl.swift in Sources */ = {isa = PBXBuildFile; fileRef = 7E5A012B261EBB0B00BF8D86 /* ImageEditorCtrl.swift */; };
		7E5A0133262678A400BF8D86 /* ImagePostProcessor.swift in Sources */ = {isa = PBXBuildFile; fileRef = 7E5A0132262678A400BF8D86 /* ImagePostProcessor.swift */; };
		7E691D1425F461FE00ED228E /* jpegCtrl.cpp in Sources */ = {isa = PBXBuildFile; fileRef = 7E691C3D25F461FD00ED228E /* jpegCtrl.cpp */; };
		7E691D1525F461FE00ED228E /* util.cpp in Sources */ = {isa = PBXBuildFile; fileRef = 7E691C3E25F461FD00ED228E /* util.cpp */; };
		7E691D1625F461FE00ED228E /* PreProcessor.cpp in Sources */ = {isa = PBXBuildFile; fileRef = 7E691C3F25F461FD00ED228E /* PreProcessor.cpp */; };
		7E691D1725F461FE00ED228E /* Image.cpp in Sources */ = {isa = PBXBuildFile; fileRef = 7E691C4025F461FD00ED228E /* Image.cpp */; };
		7E691DD625F461FF00ED228E /* RedCyanCompositeImageStream.cpp in Sources */ = {isa = PBXBuildFile; fileRef = 7E691D0125F461FE00ED228E /* RedCyanCompositeImageStream.cpp */; };
		7E691DD825F461FF00ED228E /* AnaglyphCompositeImageStream.cpp in Sources */ = {isa = PBXBuildFile; fileRef = 7E691D0325F461FE00ED228E /* AnaglyphCompositeImageStream.cpp */; };
		7E691DD925F461FF00ED228E /* CompositeImage.h in Headers */ = {isa = PBXBuildFile; fileRef = 7E691D0525F461FE00ED228E /* CompositeImage.h */; };
		7E691DDA25F461FF00ED228E /* util.h in Headers */ = {isa = PBXBuildFile; fileRef = 7E691D0625F461FE00ED228E /* util.h */; };
		7E691DDB25F461FF00ED228E /* GreenMagentaCompositeImageStream.h in Headers */ = {isa = PBXBuildFile; fileRef = 7E691D0725F461FE00ED228E /* GreenMagentaCompositeImageStream.h */; };
		7E691DDC25F461FF00ED228E /* RedCyanCompositeImageStream.h in Headers */ = {isa = PBXBuildFile; fileRef = 7E691D0825F461FE00ED228E /* RedCyanCompositeImageStream.h */; };
		7E691DDD25F461FF00ED228E /* SplitCompositeImageStream.h in Headers */ = {isa = PBXBuildFile; fileRef = 7E691D0925F461FE00ED228E /* SplitCompositeImageStream.h */; };
		7E691DDE25F461FF00ED228E /* jpegCtrl.hpp in Headers */ = {isa = PBXBuildFile; fileRef = 7E691D0A25F461FE00ED228E /* jpegCtrl.hpp */; };
		7E691DDF25F461FF00ED228E /* AnaglyphCompositeImageStream.h in Headers */ = {isa = PBXBuildFile; fileRef = 7E691D0B25F461FE00ED228E /* AnaglyphCompositeImageStream.h */; };
		7E691DE025F461FF00ED228E /* Image.h in Headers */ = {isa = PBXBuildFile; fileRef = 7E691D0C25F461FE00ED228E /* Image.h */; };
		7E691DE125F461FF00ED228E /* PreProcessor.h in Headers */ = {isa = PBXBuildFile; fileRef = 7E691D0D25F461FE00ED228E /* PreProcessor.h */; };
		7E691DE225F461FF00ED228E /* SideData.h in Headers */ = {isa = PBXBuildFile; fileRef = 7E691D0E25F461FE00ED228E /* SideData.h */; };
		7E691DE425F461FF00ED228E /* GreenMagentaCompositeImageStream.cpp in Sources */ = {isa = PBXBuildFile; fileRef = 7E691D1025F461FE00ED228E /* GreenMagentaCompositeImageStream.cpp */; };
		7E691DE725F461FF00ED228E /* SplitCompositeImageStream.cpp in Sources */ = {isa = PBXBuildFile; fileRef = 7E691D1325F461FE00ED228E /* SplitCompositeImageStream.cpp */; };
		7E691DF825F4638400ED228E /* jcomapi.c in Sources */ = {isa = PBXBuildFile; fileRef = 7E691DEA25F4638400ED228E /* jcomapi.c */; };
		7E691DF925F4638400ED228E /* jcapistd.c in Sources */ = {isa = PBXBuildFile; fileRef = 7E691DEB25F4638400ED228E /* jcapistd.c */; };
		7E691DFA25F4638400ED228E /* jccoefct.c in Sources */ = {isa = PBXBuildFile; fileRef = 7E691DEC25F4638400ED228E /* jccoefct.c */; };
		7E691DFB25F4638400ED228E /* jcdctmgr.c in Sources */ = {isa = PBXBuildFile; fileRef = 7E691DED25F4638400ED228E /* jcdctmgr.c */; };
		7E691DFC25F4638400ED228E /* jcmarker.c in Sources */ = {isa = PBXBuildFile; fileRef = 7E691DEE25F4638400ED228E /* jcmarker.c */; };
		7E691DFD25F4638400ED228E /* jcapimin.c in Sources */ = {isa = PBXBuildFile; fileRef = 7E691DEF25F4638400ED228E /* jcapimin.c */; };
		7E691DFE25F4638400ED228E /* jaricom.c in Sources */ = {isa = PBXBuildFile; fileRef = 7E691DF025F4638400ED228E /* jaricom.c */; };
		7E691DFF25F4638400ED228E /* jcmainct.c in Sources */ = {isa = PBXBuildFile; fileRef = 7E691DF125F4638400ED228E /* jcmainct.c */; };
		7E691E0025F4638400ED228E /* jccolor.c in Sources */ = {isa = PBXBuildFile; fileRef = 7E691DF225F4638400ED228E /* jccolor.c */; };
		7E691E0125F4638400ED228E /* jcinit.c in Sources */ = {isa = PBXBuildFile; fileRef = 7E691DF325F4638400ED228E /* jcinit.c */; };
		7E691E0225F4638400ED228E /* jchuff.c in Sources */ = {isa = PBXBuildFile; fileRef = 7E691DF425F4638400ED228E /* jchuff.c */; };
		7E691E0325F4638400ED228E /* jcarith.c in Sources */ = {isa = PBXBuildFile; fileRef = 7E691DF525F4638400ED228E /* jcarith.c */; };
		7E691E0425F4638400ED228E /* jcparam.c in Sources */ = {isa = PBXBuildFile; fileRef = 7E691DF625F4638400ED228E /* jcparam.c */; };
		7E691E0525F4638400ED228E /* jcmaster.c in Sources */ = {isa = PBXBuildFile; fileRef = 7E691DF725F4638400ED228E /* jcmaster.c */; };
		7E691E0E25F463AD00ED228E /* jctrans.c in Sources */ = {isa = PBXBuildFile; fileRef = 7E691E0725F463AC00ED228E /* jctrans.c */; };
		7E691E0F25F463AD00ED228E /* jdapistd.c in Sources */ = {isa = PBXBuildFile; fileRef = 7E691E0825F463AC00ED228E /* jdapistd.c */; };
		7E691E1025F463AD00ED228E /* jcsample.c in Sources */ = {isa = PBXBuildFile; fileRef = 7E691E0925F463AC00ED228E /* jcsample.c */; };
		7E691E1125F463AD00ED228E /* jdatadst.c in Sources */ = {isa = PBXBuildFile; fileRef = 7E691E0A25F463AC00ED228E /* jdatadst.c */; };
		7E691E1225F463AD00ED228E /* jdapimin.c in Sources */ = {isa = PBXBuildFile; fileRef = 7E691E0B25F463AD00ED228E /* jdapimin.c */; };
		7E691E1325F463AD00ED228E /* jdarith.c in Sources */ = {isa = PBXBuildFile; fileRef = 7E691E0C25F463AD00ED228E /* jdarith.c */; };
		7E691E1425F463AD00ED228E /* jcprepct.c in Sources */ = {isa = PBXBuildFile; fileRef = 7E691E0D25F463AD00ED228E /* jcprepct.c */; };
		7E691E1E25F463CB00ED228E /* jdhuff.c in Sources */ = {isa = PBXBuildFile; fileRef = 7E691E1625F463CB00ED228E /* jdhuff.c */; };
		7E691E1F25F463CB00ED228E /* jdcoefct.c in Sources */ = {isa = PBXBuildFile; fileRef = 7E691E1725F463CB00ED228E /* jdcoefct.c */; };
		7E691E2025F463CB00ED228E /* jdinput.c in Sources */ = {isa = PBXBuildFile; fileRef = 7E691E1825F463CB00ED228E /* jdinput.c */; };
		7E691E2125F463CB00ED228E /* jdmarker.c in Sources */ = {isa = PBXBuildFile; fileRef = 7E691E1925F463CB00ED228E /* jdmarker.c */; };
		7E691E2225F463CB00ED228E /* jddctmgr.c in Sources */ = {isa = PBXBuildFile; fileRef = 7E691E1A25F463CB00ED228E /* jddctmgr.c */; };
		7E691E2325F463CB00ED228E /* jdmainct.c in Sources */ = {isa = PBXBuildFile; fileRef = 7E691E1B25F463CB00ED228E /* jdmainct.c */; };
		7E691E2425F463CB00ED228E /* jdcolor.c in Sources */ = {isa = PBXBuildFile; fileRef = 7E691E1C25F463CB00ED228E /* jdcolor.c */; };
		7E691E2525F463CB00ED228E /* jdatasrc.c in Sources */ = {isa = PBXBuildFile; fileRef = 7E691E1D25F463CB00ED228E /* jdatasrc.c */; };
		7E691E3825F4640600ED228E /* jdsample.c in Sources */ = {isa = PBXBuildFile; fileRef = 7E691E2725F4640600ED228E /* jdsample.c */; };
		7E691E3925F4640600ED228E /* jmemname.c in Sources */ = {isa = PBXBuildFile; fileRef = 7E691E2825F4640600ED228E /* jmemname.c */; };
		7E691E3A25F4640600ED228E /* jquant2.c in Sources */ = {isa = PBXBuildFile; fileRef = 7E691E2925F4640600ED228E /* jquant2.c */; };
		7E691E3B25F4640600ED228E /* jquant1.c in Sources */ = {isa = PBXBuildFile; fileRef = 7E691E2A25F4640600ED228E /* jquant1.c */; };
		7E691E3C25F4640600ED228E /* jdmaster.c in Sources */ = {isa = PBXBuildFile; fileRef = 7E691E2B25F4640600ED228E /* jdmaster.c */; };
		7E691E3D25F4640600ED228E /* jidctfst.c in Sources */ = {isa = PBXBuildFile; fileRef = 7E691E2C25F4640600ED228E /* jidctfst.c */; };
		7E691E3E25F4640600ED228E /* jfdctfst.c in Sources */ = {isa = PBXBuildFile; fileRef = 7E691E2D25F4640600ED228E /* jfdctfst.c */; };
		7E691E3F25F4640600ED228E /* jmemmgr.c in Sources */ = {isa = PBXBuildFile; fileRef = 7E691E2E25F4640600ED228E /* jmemmgr.c */; };
		7E691E4025F4640600ED228E /* jutils.c in Sources */ = {isa = PBXBuildFile; fileRef = 7E691E2F25F4640600ED228E /* jutils.c */; };
		7E691E4125F4640600ED228E /* jdtrans.c in Sources */ = {isa = PBXBuildFile; fileRef = 7E691E3025F4640600ED228E /* jdtrans.c */; };
		7E691E4225F4640600ED228E /* jidctint.c in Sources */ = {isa = PBXBuildFile; fileRef = 7E691E3125F4640600ED228E /* jidctint.c */; };
		7E691E4325F4640600ED228E /* jidctflt.c in Sources */ = {isa = PBXBuildFile; fileRef = 7E691E3225F4640600ED228E /* jidctflt.c */; };
		7E691E4425F4640600ED228E /* jfdctflt.c in Sources */ = {isa = PBXBuildFile; fileRef = 7E691E3325F4640600ED228E /* jfdctflt.c */; };
		7E691E4525F4640600ED228E /* jerror.c in Sources */ = {isa = PBXBuildFile; fileRef = 7E691E3425F4640600ED228E /* jerror.c */; };
		7E691E4625F4640600ED228E /* jdpostct.c in Sources */ = {isa = PBXBuildFile; fileRef = 7E691E3525F4640600ED228E /* jdpostct.c */; };
		7E691E4725F4640600ED228E /* jdmerge.c in Sources */ = {isa = PBXBuildFile; fileRef = 7E691E3625F4640600ED228E /* jdmerge.c */; };
		7E691E4825F4640600ED228E /* jfdctint.c in Sources */ = {isa = PBXBuildFile; fileRef = 7E691E3725F4640600ED228E /* jfdctint.c */; };
		7E691E4D25F4654900ED228E /* Comm.cpp in Sources */ = {isa = PBXBuildFile; fileRef = 7CDC415D20D39458005BE7A8 /* Comm.cpp */; };
		7E691E5225F4687F00ED228E /* wrapper.cpp in Sources */ = {isa = PBXBuildFile; fileRef = 7E691E5025F4687E00ED228E /* wrapper.cpp */; };
		7E691E5325F4687F00ED228E /* wrapper.hpp in Headers */ = {isa = PBXBuildFile; fileRef = 7E691E5125F4687E00ED228E /* wrapper.hpp */; };
		7E691E5925F57BE700ED228E /* jpeglib.h in Headers */ = {isa = PBXBuildFile; fileRef = 7E691E5825F57BE700ED228E /* jpeglib.h */; };
		7E691E5C25FEB30000ED228E /* DualCameraCtrl.swift in Sources */ = {isa = PBXBuildFile; fileRef = 7E691E5B25FEB30000ED228E /* DualCameraCtrl.swift */; };
		7E691E5F25FECA0900ED228E /* VideoPreview.swift in Sources */ = {isa = PBXBuildFile; fileRef = 7E691E5E25FECA0900ED228E /* VideoPreview.swift */; };
		7E691E642600908C00ED228E /* PreviewView.swift in Sources */ = {isa = PBXBuildFile; fileRef = 7E691E632600908C00ED228E /* PreviewView.swift */; };
		7E9AB3CF2636656F009A25B3 /* Main.storyboard in Resources */ = {isa = PBXBuildFile; fileRef = 7E9AB3CE2636656F009A25B3 /* Main.storyboard */; };
		7E9FCE2A2607DF1000223114 /* Histogram.swift in Sources */ = {isa = PBXBuildFile; fileRef = 7E9FCE292607DF1000223114 /* Histogram.swift */; };
		7E9FCE2D26080DB300223114 /* ZoomFinder.swift in Sources */ = {isa = PBXBuildFile; fileRef = 7E9FCE2C26080DB300223114 /* ZoomFinder.swift */; };
		7EA171792609402800EF314C /* ImageProcessor.swift in Sources */ = {isa = PBXBuildFile; fileRef = 7EA171782609402800EF314C /* ImageProcessor.swift */; };
		7EA56533260162120064809A /* VideoPreview.metal in Sources */ = {isa = PBXBuildFile; fileRef = 7EA56532260162120064809A /* VideoPreview.metal */; };
		7EA68B182626BA9500D96250 /* ImageEditorWidget.swift in Sources */ = {isa = PBXBuildFile; fileRef = 7EA68B172626BA9500D96250 /* ImageEditorWidget.swift */; };
		7EA68B1B262B3BC600D96250 /* GammaFilter.swift in Sources */ = {isa = PBXBuildFile; fileRef = 7EA68B1A262B3BC600D96250 /* GammaFilter.swift */; };
		7EA68B1E262B3BF600D96250 /* SquareFilter.swift in Sources */ = {isa = PBXBuildFile; fileRef = 7EA68B1D262B3BF600D96250 /* SquareFilter.swift */; };
		7EA68B24262B65A400D96250 /* ScaleFilter.swift in Sources */ = {isa = PBXBuildFile; fileRef = 7EA68B23262B65A400D96250 /* ScaleFilter.swift */; };
		7EA68B28262BB3F400D96250 /* ImageExporter.swift in Sources */ = {isa = PBXBuildFile; fileRef = 7EA68B27262BB3F400D96250 /* ImageExporter.swift */; };
		7EA68B2B262BB46900D96250 /* ImageEditorData.swift in Sources */ = {isa = PBXBuildFile; fileRef = 7EA68B2A262BB46900D96250 /* ImageEditorData.swift */; };
		7EA68B33262CD88A00D96250 /* MeaureCtrl.swift in Sources */ = {isa = PBXBuildFile; fileRef = 7EA68B32262CD88A00D96250 /* MeaureCtrl.swift */; };
		7EA68B42262DE5A800D96250 /* GraphPlot.swift in Sources */ = {isa = PBXBuildFile; fileRef = 7EA68B41262DE5A800D96250 /* GraphPlot.swift */; };
		7EA68B45262FA68E00D96250 /* PlotWidget.xib in Resources */ = {isa = PBXBuildFile; fileRef = 7EA68B44262FA68E00D96250 /* PlotWidget.xib */; };
		7EA68B482630AEA300D96250 /* MeasureCtrlScroller.swift in Sources */ = {isa = PBXBuildFile; fileRef = 7EA68B472630AEA300D96250 /* MeasureCtrlScroller.swift */; };
		7EAE4283260AA815001E67C7 /* ImageUtils.swift in Sources */ = {isa = PBXBuildFile; fileRef = 7EAE4282260AA815001E67C7 /* ImageUtils.swift */; };
		7ED00E592635D9A500D12A4C /* RotateFilter.swift in Sources */ = {isa = PBXBuildFile; fileRef = 7ED00E582635D9A500D12A4C /* RotateFilter.swift */; };
		7ED00E5C26361FDC00D12A4C /* OffsetFinder.swift in Sources */ = {isa = PBXBuildFile; fileRef = 7ED00E5B26361FDC00D12A4C /* OffsetFinder.swift */; };
		7ED00E5F2636567600D12A4C /* VideoProcessor.swift in Sources */ = {isa = PBXBuildFile; fileRef = 7ED00E5E2636567600D12A4C /* VideoProcessor.swift */; };
		7ED00E6226365D3400D12A4C /* VideoPreviewDouble.swift in Sources */ = {isa = PBXBuildFile; fileRef = 7ED00E6126365D3400D12A4C /* VideoPreviewDouble.swift */; };
		7ED4E2D0260CC8D40085112E /* Matrix.swift in Sources */ = {isa = PBXBuildFile; fileRef = 7ED4E2CF260CC8D40085112E /* Matrix.swift */; };
		7ED8F30926391E1400F3AC92 /* MoviePlayerVC.swift in Sources */ = {isa = PBXBuildFile; fileRef = 7ED8F30826391E1400F3AC92 /* MoviePlayerVC.swift */; };
		7EFFA0F12642D72C0084F31D /* FrameRateCounter.swift in Sources */ = {isa = PBXBuildFile; fileRef = 7EFFA0F02642D72C0084F31D /* FrameRateCounter.swift */; };
/* End PBXBuildFile section */

/* Begin PBXFileReference section */
		60973B20CF136EB93500D7B4 /* Pods-stereoCamera.debug.xcconfig */ = {isa = PBXFileReference; includeInIndex = 1; lastKnownFileType = text.xcconfig; name = "Pods-stereoCamera.debug.xcconfig"; path = "Target Support Files/Pods-stereoCamera/Pods-stereoCamera.debug.xcconfig"; sourceTree = "<group>"; };
		6A60E4A48676C41FF65654A2 /* libPods-stereoCamera.a */ = {isa = PBXFileReference; explicitFileType = archive.ar; includeInIndex = 0; path = "libPods-stereoCamera.a"; sourceTree = BUILT_PRODUCTS_DIR; };
		7C1E4A0C2139A287005F1944 /* assets */ = {isa = PBXFileReference; lastKnownFileType = folder; name = assets; path = ../../../android/app/src/main/assets; sourceTree = "<group>"; };
		7C1E4A0E214103AA005F1944 /* GalleryGridHeader.swift */ = {isa = PBXFileReference; lastKnownFileType = sourcecode.swift; path = GalleryGridHeader.swift; sourceTree = "<group>"; };
		7C1E4A1021419B96005F1944 /* ImageProvider.swift */ = {isa = PBXFileReference; lastKnownFileType = sourcecode.swift; path = ImageProvider.swift; sourceTree = "<group>"; };
		7C2E237120DB0A380027A2F5 /* Files.swift */ = {isa = PBXFileReference; lastKnownFileType = sourcecode.swift; path = Files.swift; sourceTree = "<group>"; };
		7C35B69320DD6B5C00500196 /* GalleryGridLayout.swift */ = {isa = PBXFileReference; lastKnownFileType = sourcecode.swift; path = GalleryGridLayout.swift; sourceTree = "<group>"; };
		7C35B69520DD766B00500196 /* GalleryPlaybackCtrl.swift */ = {isa = PBXFileReference; lastKnownFileType = sourcecode.swift; path = GalleryPlaybackCtrl.swift; sourceTree = "<group>"; };
		7C6CD11120D0DA530010F6B1 /* stereoCamera.app */ = {isa = PBXFileReference; explicitFileType = wrapper.application; includeInIndex = 0; path = stereoCamera.app; sourceTree = BUILT_PRODUCTS_DIR; };
		7C6CD11420D0DA530010F6B1 /* AppDelegate.swift */ = {isa = PBXFileReference; lastKnownFileType = sourcecode.swift; path = AppDelegate.swift; sourceTree = "<group>"; };
		7C6CD11B20D0DA550010F6B1 /* Assets.xcassets */ = {isa = PBXFileReference; lastKnownFileType = folder.assetcatalog; path = Assets.xcassets; sourceTree = "<group>"; };
		7C6CD11E20D0DA550010F6B1 /* Base */ = {isa = PBXFileReference; lastKnownFileType = file.storyboard; name = Base; path = Base.lproj/LaunchScreen.storyboard; sourceTree = "<group>"; };
		7C6CD12020D0DA550010F6B1 /* Info.plist */ = {isa = PBXFileReference; lastKnownFileType = text.plist.xml; path = Info.plist; sourceTree = "<group>"; };
		7C6CD12F20D1B4FD0010F6B1 /* ConnectCtrl.swift */ = {isa = PBXFileReference; lastKnownFileType = sourcecode.swift; path = ConnectCtrl.swift; sourceTree = "<group>"; };
		7C6CD13A20D1C2870010F6B1 /* stereoCamera.entitlements */ = {isa = PBXFileReference; lastKnownFileType = text.plist.entitlements; path = stereoCamera.entitlements; sourceTree = "<group>"; };
		7C6CD13B20D2223B0010F6B1 /* CommManager.swift */ = {isa = PBXFileReference; lastKnownFileType = sourcecode.swift; path = CommManager.swift; sourceTree = "<group>"; };
		7C6CD13F20D247520010F6B1 /* stereoCamera-Bridging-Header.h */ = {isa = PBXFileReference; lastKnownFileType = sourcecode.c.h; path = "stereoCamera-Bridging-Header.h"; sourceTree = "<group>"; };
		7C84966E20F990CF00C50601 /* SendGravity.swift */ = {isa = PBXFileReference; lastKnownFileType = sourcecode.swift; path = SendGravity.swift; sourceTree = "<group>"; };
		7C84967020FD4D8E00C50601 /* LevelWidget.swift */ = {isa = PBXFileReference; lastKnownFileType = sourcecode.swift; path = LevelWidget.swift; sourceTree = "<group>"; };
		7C84967220FD5B0F00C50601 /* Angles.swift */ = {isa = PBXFileReference; lastKnownFileType = sourcecode.swift; path = Angles.swift; sourceTree = "<group>"; };
		7CA546FA21085A9600C81830 /* SettingsCtrl.swift */ = {isa = PBXFileReference; lastKnownFileType = sourcecode.swift; path = SettingsCtrl.swift; sourceTree = "<group>"; };
		7CAD57B72118F493007205B2 /* LoadingPopupCtrl.swift */ = {isa = PBXFileReference; lastKnownFileType = sourcecode.swift; path = LoadingPopupCtrl.swift; sourceTree = "<group>"; };
		7CAD57B92119215D007205B2 /* LoadSpinner.swift */ = {isa = PBXFileReference; lastKnownFileType = sourcecode.swift; path = LoadSpinner.swift; sourceTree = "<group>"; };
		7CAD57BB211A2BEC007205B2 /* ClickableButton.swift */ = {isa = PBXFileReference; lastKnownFileType = sourcecode.swift; path = ClickableButton.swift; sourceTree = "<group>"; };
		7CAE81C821273B2A0022569D /* LatencyTest.swift */ = {isa = PBXFileReference; lastKnownFileType = sourcecode.swift; path = LatencyTest.swift; sourceTree = "<group>"; };
		7CAE81CA212F408F0022569D /* ID.swift */ = {isa = PBXFileReference; lastKnownFileType = sourcecode.swift; path = ID.swift; sourceTree = "<group>"; };
		7CAE81CC212F69E20022569D /* Statistics.swift */ = {isa = PBXFileReference; lastKnownFileType = sourcecode.swift; path = Statistics.swift; sourceTree = "<group>"; };
		7CAE81CE2138C2850022569D /* SettingsHtmlCtrl.swift */ = {isa = PBXFileReference; lastKnownFileType = sourcecode.swift; path = SettingsHtmlCtrl.swift; sourceTree = "<group>"; };
		7CC66B6F20E09F4900AF811B /* CameraSlaveCtrl.swift */ = {isa = PBXFileReference; lastKnownFileType = sourcecode.swift; path = CameraSlaveCtrl.swift; sourceTree = "<group>"; };
		7CC66B7120E09FB500AF811B /* CameraBaseCtrl.swift */ = {isa = PBXFileReference; lastKnownFileType = sourcecode.swift; path = CameraBaseCtrl.swift; sourceTree = "<group>"; };
		7CC66B7320E0A04E00AF811B /* GalleryBtn.swift */ = {isa = PBXFileReference; lastKnownFileType = sourcecode.swift; path = GalleryBtn.swift; sourceTree = "<group>"; };
		7CC66B7520E0BC5800AF811B /* MasterShake.swift */ = {isa = PBXFileReference; lastKnownFileType = sourcecode.swift; name = MasterShake.swift; path = stereoCamera/Controllers/MasterShake.swift; sourceTree = SOURCE_ROOT; };
		7CCB728520E1B137000BE923 /* Handshake.swift */ = {isa = PBXFileReference; lastKnownFileType = sourcecode.swift; path = Handshake.swift; sourceTree = "<group>"; };
		7CCB728720E20CFA000BE923 /* SendStatus.swift */ = {isa = PBXFileReference; lastKnownFileType = sourcecode.swift; path = SendStatus.swift; sourceTree = "<group>"; };
		7CCB728B20E2137F000BE923 /* SlaveState.swift */ = {isa = PBXFileReference; lastKnownFileType = sourcecode.swift; path = SlaveState.swift; sourceTree = "<group>"; };
		7CCB728D20E2A412000BE923 /* Listeners.swift */ = {isa = PBXFileReference; lastKnownFileType = sourcecode.swift; path = Listeners.swift; sourceTree = "<group>"; };
		7CCB728F20E2F2C0000BE923 /* Version.swift */ = {isa = PBXFileReference; lastKnownFileType = sourcecode.swift; path = Version.swift; sourceTree = "<group>"; };
		7CCB729120E36EA8000BE923 /* SetFacing.swift */ = {isa = PBXFileReference; lastKnownFileType = sourcecode.swift; path = SetFacing.swift; sourceTree = "<group>"; };
		7CCB729320E374C4000BE923 /* SetOverlay.swift */ = {isa = PBXFileReference; lastKnownFileType = sourcecode.swift; path = SetOverlay.swift; sourceTree = "<group>"; };
		7CCB729520E3ECFA000BE923 /* FireShutter.swift */ = {isa = PBXFileReference; lastKnownFileType = sourcecode.swift; path = FireShutter.swift; sourceTree = "<group>"; };
		7CCB729720E5ADCA000BE923 /* SendPhoto.swift */ = {isa = PBXFileReference; lastKnownFileType = sourcecode.swift; path = SendPhoto.swift; sourceTree = "<group>"; };
		7CCB729920E75072000BE923 /* DesignableTextField.swift */ = {isa = PBXFileReference; lastKnownFileType = sourcecode.swift; path = DesignableTextField.swift; sourceTree = "<group>"; };
		7CCB729C20E8B4AC000BE923 /* Cookie.swift */ = {isa = PBXFileReference; lastKnownFileType = sourcecode.swift; path = Cookie.swift; sourceTree = "<group>"; };
		7CCB729E20F024C0000BE923 /* SetZoom.swift */ = {isa = PBXFileReference; lastKnownFileType = sourcecode.swift; path = SetZoom.swift; sourceTree = "<group>"; };
		7CCB72A220F41602000BE923 /* Disconnect.swift */ = {isa = PBXFileReference; lastKnownFileType = sourcecode.swift; path = Disconnect.swift; sourceTree = "<group>"; };
		7CCB72A620F418F1000BE923 /* ConnectionPause.swift */ = {isa = PBXFileReference; lastKnownFileType = sourcecode.swift; path = ConnectionPause.swift; sourceTree = "<group>"; };
		7CDC415D20D39458005BE7A8 /* Comm.cpp */ = {isa = PBXFileReference; lastKnownFileType = sourcecode.cpp.cpp; path = Comm.cpp; sourceTree = "<group>"; };
		7CDC415E20D39458005BE7A8 /* Comm.hpp */ = {isa = PBXFileReference; lastKnownFileType = sourcecode.cpp.h; path = Comm.hpp; sourceTree = "<group>"; };
		7CDC416020D397C4005BE7A8 /* Comm.swift */ = {isa = PBXFileReference; lastKnownFileType = sourcecode.swift; path = Comm.swift; sourceTree = "<group>"; };
		7CDC416320D39DD3005BE7A8 /* Ping.swift */ = {isa = PBXFileReference; lastKnownFileType = sourcecode.swift; path = Ping.swift; sourceTree = "<group>"; };
		7CDC416520D39DF6005BE7A8 /* CommandTypes.swift */ = {isa = PBXFileReference; lastKnownFileType = sourcecode.swift; path = CommandTypes.swift; sourceTree = "<group>"; };
		7CDC416720D40F21005BE7A8 /* Command.swift */ = {isa = PBXFileReference; lastKnownFileType = sourcecode.swift; path = Command.swift; sourceTree = "<group>"; };
		7CDC416A20D4F0F6005BE7A8 /* Bytes.swift */ = {isa = PBXFileReference; lastKnownFileType = sourcecode.swift; path = Bytes.swift; sourceTree = "<group>"; };
		7CDC416C20D751EC005BE7A8 /* CameraMasterCtrl.swift */ = {isa = PBXFileReference; lastKnownFileType = sourcecode.swift; path = CameraMasterCtrl.swift; sourceTree = "<group>"; };
		7CDC416F20D75C16005BE7A8 /* CameraPreview.swift */ = {isa = PBXFileReference; lastKnownFileType = sourcecode.swift; path = CameraPreview.swift; sourceTree = "<group>"; };
		7CDC417320D987AD005BE7A8 /* DesignableWidget.swift */ = {isa = PBXFileReference; lastKnownFileType = sourcecode.swift; path = DesignableWidget.swift; sourceTree = "<group>"; };
		7CDC467620DAFE9E005BE7A8 /* GalleryGridCtrl.swift */ = {isa = PBXFileReference; lastKnownFileType = sourcecode.swift; path = GalleryGridCtrl.swift; sourceTree = "<group>"; };
		7CDC467A20DB02AB005BE7A8 /* GalleryGridWidget.swift */ = {isa = PBXFileReference; lastKnownFileType = sourcecode.swift; path = GalleryGridWidget.swift; sourceTree = "<group>"; };
		7CEE471E21433334009909EF /* ExportSelectCtrl.swift */ = {isa = PBXFileReference; lastKnownFileType = sourcecode.swift; path = ExportSelectCtrl.swift; sourceTree = "<group>"; };
		7CF5983F210B828F0015260C /* CameraPreviewOverlay.swift */ = {isa = PBXFileReference; lastKnownFileType = sourcecode.swift; path = CameraPreviewOverlay.swift; sourceTree = "<group>"; };
		7CF59841210E08DC0015260C /* SettingsListSelectorCtrl.swift */ = {isa = PBXFileReference; lastKnownFileType = sourcecode.swift; path = SettingsListSelectorCtrl.swift; sourceTree = "<group>"; };
		7CF59843211157810015260C /* SettingsListWidget.swift */ = {isa = PBXFileReference; lastKnownFileType = sourcecode.swift; path = SettingsListWidget.swift; sourceTree = "<group>"; };
		7CF59845211234980015260C /* SetCaptureQuality.swift */ = {isa = PBXFileReference; lastKnownFileType = sourcecode.swift; path = SetCaptureQuality.swift; sourceTree = "<group>"; };
		7E5A01212618EFDC00BF8D86 /* MulticastDelegate.swift */ = {isa = PBXFileReference; lastKnownFileType = sourcecode.swift; path = MulticastDelegate.swift; sourceTree = "<group>"; };
		7E5A0125261A860600BF8D86 /* DualCameraMultiCameraCtrl.swift */ = {isa = PBXFileReference; lastKnownFileType = sourcecode.swift; path = DualCameraMultiCameraCtrl.swift; sourceTree = "<group>"; };
		7E5A0128261A940500BF8D86 /* DualCameraLegacyCameraCtrl.swift */ = {isa = PBXFileReference; lastKnownFileType = sourcecode.swift; path = DualCameraLegacyCameraCtrl.swift; sourceTree = "<group>"; };
		7E5A012B261EBB0B00BF8D86 /* ImageEditorCtrl.swift */ = {isa = PBXFileReference; lastKnownFileType = sourcecode.swift; path = ImageEditorCtrl.swift; sourceTree = "<group>"; };
		7E5A0132262678A400BF8D86 /* ImagePostProcessor.swift */ = {isa = PBXFileReference; lastKnownFileType = sourcecode.swift; path = ImagePostProcessor.swift; sourceTree = "<group>"; };
		7E691C3D25F461FD00ED228E /* jpegCtrl.cpp */ = {isa = PBXFileReference; fileEncoding = 4; lastKnownFileType = sourcecode.cpp.cpp; path = jpegCtrl.cpp; sourceTree = "<group>"; };
		7E691C3E25F461FD00ED228E /* util.cpp */ = {isa = PBXFileReference; fileEncoding = 4; lastKnownFileType = sourcecode.cpp.cpp; path = util.cpp; sourceTree = "<group>"; };
		7E691C3F25F461FD00ED228E /* PreProcessor.cpp */ = {isa = PBXFileReference; fileEncoding = 4; lastKnownFileType = sourcecode.cpp.cpp; path = PreProcessor.cpp; sourceTree = "<group>"; };
		7E691C4025F461FD00ED228E /* Image.cpp */ = {isa = PBXFileReference; fileEncoding = 4; lastKnownFileType = sourcecode.cpp.cpp; path = Image.cpp; sourceTree = "<group>"; };
		7E691D0125F461FE00ED228E /* RedCyanCompositeImageStream.cpp */ = {isa = PBXFileReference; fileEncoding = 4; lastKnownFileType = sourcecode.cpp.cpp; path = RedCyanCompositeImageStream.cpp; sourceTree = "<group>"; };
		7E691D0325F461FE00ED228E /* AnaglyphCompositeImageStream.cpp */ = {isa = PBXFileReference; fileEncoding = 4; lastKnownFileType = sourcecode.cpp.cpp; path = AnaglyphCompositeImageStream.cpp; sourceTree = "<group>"; };
		7E691D0525F461FE00ED228E /* CompositeImage.h */ = {isa = PBXFileReference; fileEncoding = 4; lastKnownFileType = sourcecode.c.h; path = CompositeImage.h; sourceTree = "<group>"; };
		7E691D0625F461FE00ED228E /* util.h */ = {isa = PBXFileReference; fileEncoding = 4; lastKnownFileType = sourcecode.c.h; path = util.h; sourceTree = "<group>"; };
		7E691D0725F461FE00ED228E /* GreenMagentaCompositeImageStream.h */ = {isa = PBXFileReference; fileEncoding = 4; lastKnownFileType = sourcecode.c.h; path = GreenMagentaCompositeImageStream.h; sourceTree = "<group>"; };
		7E691D0825F461FE00ED228E /* RedCyanCompositeImageStream.h */ = {isa = PBXFileReference; fileEncoding = 4; lastKnownFileType = sourcecode.c.h; path = RedCyanCompositeImageStream.h; sourceTree = "<group>"; };
		7E691D0925F461FE00ED228E /* SplitCompositeImageStream.h */ = {isa = PBXFileReference; fileEncoding = 4; lastKnownFileType = sourcecode.c.h; path = SplitCompositeImageStream.h; sourceTree = "<group>"; };
		7E691D0A25F461FE00ED228E /* jpegCtrl.hpp */ = {isa = PBXFileReference; fileEncoding = 4; lastKnownFileType = sourcecode.cpp.h; path = jpegCtrl.hpp; sourceTree = "<group>"; };
		7E691D0B25F461FE00ED228E /* AnaglyphCompositeImageStream.h */ = {isa = PBXFileReference; fileEncoding = 4; lastKnownFileType = sourcecode.c.h; path = AnaglyphCompositeImageStream.h; sourceTree = "<group>"; };
		7E691D0C25F461FE00ED228E /* Image.h */ = {isa = PBXFileReference; fileEncoding = 4; lastKnownFileType = sourcecode.c.h; path = Image.h; sourceTree = "<group>"; };
		7E691D0D25F461FE00ED228E /* PreProcessor.h */ = {isa = PBXFileReference; fileEncoding = 4; lastKnownFileType = sourcecode.c.h; path = PreProcessor.h; sourceTree = "<group>"; };
		7E691D0E25F461FE00ED228E /* SideData.h */ = {isa = PBXFileReference; fileEncoding = 4; lastKnownFileType = sourcecode.c.h; path = SideData.h; sourceTree = "<group>"; };
		7E691D1025F461FE00ED228E /* GreenMagentaCompositeImageStream.cpp */ = {isa = PBXFileReference; fileEncoding = 4; lastKnownFileType = sourcecode.cpp.cpp; path = GreenMagentaCompositeImageStream.cpp; sourceTree = "<group>"; };
		7E691D1325F461FE00ED228E /* SplitCompositeImageStream.cpp */ = {isa = PBXFileReference; fileEncoding = 4; lastKnownFileType = sourcecode.cpp.cpp; path = SplitCompositeImageStream.cpp; sourceTree = "<group>"; };
		7E691DEA25F4638400ED228E /* jcomapi.c */ = {isa = PBXFileReference; fileEncoding = 4; lastKnownFileType = sourcecode.c.c; name = jcomapi.c; path = "../../../../../android/app/src/main/cpp/jpeg-9c/jcomapi.c"; sourceTree = "<group>"; };
		7E691DEB25F4638400ED228E /* jcapistd.c */ = {isa = PBXFileReference; fileEncoding = 4; lastKnownFileType = sourcecode.c.c; name = jcapistd.c; path = "../../../../../android/app/src/main/cpp/jpeg-9c/jcapistd.c"; sourceTree = "<group>"; };
		7E691DEC25F4638400ED228E /* jccoefct.c */ = {isa = PBXFileReference; fileEncoding = 4; lastKnownFileType = sourcecode.c.c; name = jccoefct.c; path = "../../../../../android/app/src/main/cpp/jpeg-9c/jccoefct.c"; sourceTree = "<group>"; };
		7E691DED25F4638400ED228E /* jcdctmgr.c */ = {isa = PBXFileReference; fileEncoding = 4; lastKnownFileType = sourcecode.c.c; name = jcdctmgr.c; path = "../../../../../android/app/src/main/cpp/jpeg-9c/jcdctmgr.c"; sourceTree = "<group>"; };
		7E691DEE25F4638400ED228E /* jcmarker.c */ = {isa = PBXFileReference; fileEncoding = 4; lastKnownFileType = sourcecode.c.c; name = jcmarker.c; path = "../../../../../android/app/src/main/cpp/jpeg-9c/jcmarker.c"; sourceTree = "<group>"; };
		7E691DEF25F4638400ED228E /* jcapimin.c */ = {isa = PBXFileReference; fileEncoding = 4; lastKnownFileType = sourcecode.c.c; name = jcapimin.c; path = "../../../../../android/app/src/main/cpp/jpeg-9c/jcapimin.c"; sourceTree = "<group>"; };
		7E691DF025F4638400ED228E /* jaricom.c */ = {isa = PBXFileReference; fileEncoding = 4; lastKnownFileType = sourcecode.c.c; name = jaricom.c; path = "../../../../../android/app/src/main/cpp/jpeg-9c/jaricom.c"; sourceTree = "<group>"; };
		7E691DF125F4638400ED228E /* jcmainct.c */ = {isa = PBXFileReference; fileEncoding = 4; lastKnownFileType = sourcecode.c.c; name = jcmainct.c; path = "../../../../../android/app/src/main/cpp/jpeg-9c/jcmainct.c"; sourceTree = "<group>"; };
		7E691DF225F4638400ED228E /* jccolor.c */ = {isa = PBXFileReference; fileEncoding = 4; lastKnownFileType = sourcecode.c.c; name = jccolor.c; path = "../../../../../android/app/src/main/cpp/jpeg-9c/jccolor.c"; sourceTree = "<group>"; };
		7E691DF325F4638400ED228E /* jcinit.c */ = {isa = PBXFileReference; fileEncoding = 4; lastKnownFileType = sourcecode.c.c; name = jcinit.c; path = "../../../../../android/app/src/main/cpp/jpeg-9c/jcinit.c"; sourceTree = "<group>"; };
		7E691DF425F4638400ED228E /* jchuff.c */ = {isa = PBXFileReference; fileEncoding = 4; lastKnownFileType = sourcecode.c.c; name = jchuff.c; path = "../../../../../android/app/src/main/cpp/jpeg-9c/jchuff.c"; sourceTree = "<group>"; };
		7E691DF525F4638400ED228E /* jcarith.c */ = {isa = PBXFileReference; fileEncoding = 4; lastKnownFileType = sourcecode.c.c; name = jcarith.c; path = "../../../../../android/app/src/main/cpp/jpeg-9c/jcarith.c"; sourceTree = "<group>"; };
		7E691DF625F4638400ED228E /* jcparam.c */ = {isa = PBXFileReference; fileEncoding = 4; lastKnownFileType = sourcecode.c.c; name = jcparam.c; path = "../../../../../android/app/src/main/cpp/jpeg-9c/jcparam.c"; sourceTree = "<group>"; };
		7E691DF725F4638400ED228E /* jcmaster.c */ = {isa = PBXFileReference; fileEncoding = 4; lastKnownFileType = sourcecode.c.c; name = jcmaster.c; path = "../../../../../android/app/src/main/cpp/jpeg-9c/jcmaster.c"; sourceTree = "<group>"; };
		7E691E0725F463AC00ED228E /* jctrans.c */ = {isa = PBXFileReference; fileEncoding = 4; lastKnownFileType = sourcecode.c.c; name = jctrans.c; path = "../../../../../android/app/src/main/cpp/jpeg-9c/jctrans.c"; sourceTree = "<group>"; };
		7E691E0825F463AC00ED228E /* jdapistd.c */ = {isa = PBXFileReference; fileEncoding = 4; lastKnownFileType = sourcecode.c.c; name = jdapistd.c; path = "../../../../../android/app/src/main/cpp/jpeg-9c/jdapistd.c"; sourceTree = "<group>"; };
		7E691E0925F463AC00ED228E /* jcsample.c */ = {isa = PBXFileReference; fileEncoding = 4; lastKnownFileType = sourcecode.c.c; name = jcsample.c; path = "../../../../../android/app/src/main/cpp/jpeg-9c/jcsample.c"; sourceTree = "<group>"; };
		7E691E0A25F463AC00ED228E /* jdatadst.c */ = {isa = PBXFileReference; fileEncoding = 4; lastKnownFileType = sourcecode.c.c; name = jdatadst.c; path = "../../../../../android/app/src/main/cpp/jpeg-9c/jdatadst.c"; sourceTree = "<group>"; };
		7E691E0B25F463AD00ED228E /* jdapimin.c */ = {isa = PBXFileReference; fileEncoding = 4; lastKnownFileType = sourcecode.c.c; name = jdapimin.c; path = "../../../../../android/app/src/main/cpp/jpeg-9c/jdapimin.c"; sourceTree = "<group>"; };
		7E691E0C25F463AD00ED228E /* jdarith.c */ = {isa = PBXFileReference; fileEncoding = 4; lastKnownFileType = sourcecode.c.c; name = jdarith.c; path = "../../../../../android/app/src/main/cpp/jpeg-9c/jdarith.c"; sourceTree = "<group>"; };
		7E691E0D25F463AD00ED228E /* jcprepct.c */ = {isa = PBXFileReference; fileEncoding = 4; lastKnownFileType = sourcecode.c.c; name = jcprepct.c; path = "../../../../../android/app/src/main/cpp/jpeg-9c/jcprepct.c"; sourceTree = "<group>"; };
		7E691E1625F463CB00ED228E /* jdhuff.c */ = {isa = PBXFileReference; fileEncoding = 4; lastKnownFileType = sourcecode.c.c; name = jdhuff.c; path = "../../../../../android/app/src/main/cpp/jpeg-9c/jdhuff.c"; sourceTree = "<group>"; };
		7E691E1725F463CB00ED228E /* jdcoefct.c */ = {isa = PBXFileReference; fileEncoding = 4; lastKnownFileType = sourcecode.c.c; name = jdcoefct.c; path = "../../../../../android/app/src/main/cpp/jpeg-9c/jdcoefct.c"; sourceTree = "<group>"; };
		7E691E1825F463CB00ED228E /* jdinput.c */ = {isa = PBXFileReference; fileEncoding = 4; lastKnownFileType = sourcecode.c.c; name = jdinput.c; path = "../../../../../android/app/src/main/cpp/jpeg-9c/jdinput.c"; sourceTree = "<group>"; };
		7E691E1925F463CB00ED228E /* jdmarker.c */ = {isa = PBXFileReference; fileEncoding = 4; lastKnownFileType = sourcecode.c.c; name = jdmarker.c; path = "../../../../../android/app/src/main/cpp/jpeg-9c/jdmarker.c"; sourceTree = "<group>"; };
		7E691E1A25F463CB00ED228E /* jddctmgr.c */ = {isa = PBXFileReference; fileEncoding = 4; lastKnownFileType = sourcecode.c.c; name = jddctmgr.c; path = "../../../../../android/app/src/main/cpp/jpeg-9c/jddctmgr.c"; sourceTree = "<group>"; };
		7E691E1B25F463CB00ED228E /* jdmainct.c */ = {isa = PBXFileReference; fileEncoding = 4; lastKnownFileType = sourcecode.c.c; name = jdmainct.c; path = "../../../../../android/app/src/main/cpp/jpeg-9c/jdmainct.c"; sourceTree = "<group>"; };
		7E691E1C25F463CB00ED228E /* jdcolor.c */ = {isa = PBXFileReference; fileEncoding = 4; lastKnownFileType = sourcecode.c.c; name = jdcolor.c; path = "../../../../../android/app/src/main/cpp/jpeg-9c/jdcolor.c"; sourceTree = "<group>"; };
		7E691E1D25F463CB00ED228E /* jdatasrc.c */ = {isa = PBXFileReference; fileEncoding = 4; lastKnownFileType = sourcecode.c.c; name = jdatasrc.c; path = "../../../../../android/app/src/main/cpp/jpeg-9c/jdatasrc.c"; sourceTree = "<group>"; };
		7E691E2725F4640600ED228E /* jdsample.c */ = {isa = PBXFileReference; fileEncoding = 4; lastKnownFileType = sourcecode.c.c; name = jdsample.c; path = "../../../../../android/app/src/main/cpp/jpeg-9c/jdsample.c"; sourceTree = "<group>"; };
		7E691E2825F4640600ED228E /* jmemname.c */ = {isa = PBXFileReference; fileEncoding = 4; lastKnownFileType = sourcecode.c.c; name = jmemname.c; path = "../../../../../android/app/src/main/cpp/jpeg-9c/jmemname.c"; sourceTree = "<group>"; };
		7E691E2925F4640600ED228E /* jquant2.c */ = {isa = PBXFileReference; fileEncoding = 4; lastKnownFileType = sourcecode.c.c; name = jquant2.c; path = "../../../../../android/app/src/main/cpp/jpeg-9c/jquant2.c"; sourceTree = "<group>"; };
		7E691E2A25F4640600ED228E /* jquant1.c */ = {isa = PBXFileReference; fileEncoding = 4; lastKnownFileType = sourcecode.c.c; name = jquant1.c; path = "../../../../../android/app/src/main/cpp/jpeg-9c/jquant1.c"; sourceTree = "<group>"; };
		7E691E2B25F4640600ED228E /* jdmaster.c */ = {isa = PBXFileReference; fileEncoding = 4; lastKnownFileType = sourcecode.c.c; name = jdmaster.c; path = "../../../../../android/app/src/main/cpp/jpeg-9c/jdmaster.c"; sourceTree = "<group>"; };
		7E691E2C25F4640600ED228E /* jidctfst.c */ = {isa = PBXFileReference; fileEncoding = 4; lastKnownFileType = sourcecode.c.c; name = jidctfst.c; path = "../../../../../android/app/src/main/cpp/jpeg-9c/jidctfst.c"; sourceTree = "<group>"; };
		7E691E2D25F4640600ED228E /* jfdctfst.c */ = {isa = PBXFileReference; fileEncoding = 4; lastKnownFileType = sourcecode.c.c; name = jfdctfst.c; path = "../../../../../android/app/src/main/cpp/jpeg-9c/jfdctfst.c"; sourceTree = "<group>"; };
		7E691E2E25F4640600ED228E /* jmemmgr.c */ = {isa = PBXFileReference; fileEncoding = 4; lastKnownFileType = sourcecode.c.c; name = jmemmgr.c; path = "../../../../../android/app/src/main/cpp/jpeg-9c/jmemmgr.c"; sourceTree = "<group>"; };
		7E691E2F25F4640600ED228E /* jutils.c */ = {isa = PBXFileReference; fileEncoding = 4; lastKnownFileType = sourcecode.c.c; name = jutils.c; path = "../../../../../android/app/src/main/cpp/jpeg-9c/jutils.c"; sourceTree = "<group>"; };
		7E691E3025F4640600ED228E /* jdtrans.c */ = {isa = PBXFileReference; fileEncoding = 4; lastKnownFileType = sourcecode.c.c; name = jdtrans.c; path = "../../../../../android/app/src/main/cpp/jpeg-9c/jdtrans.c"; sourceTree = "<group>"; };
		7E691E3125F4640600ED228E /* jidctint.c */ = {isa = PBXFileReference; fileEncoding = 4; lastKnownFileType = sourcecode.c.c; name = jidctint.c; path = "../../../../../android/app/src/main/cpp/jpeg-9c/jidctint.c"; sourceTree = "<group>"; };
		7E691E3225F4640600ED228E /* jidctflt.c */ = {isa = PBXFileReference; fileEncoding = 4; lastKnownFileType = sourcecode.c.c; name = jidctflt.c; path = "../../../../../android/app/src/main/cpp/jpeg-9c/jidctflt.c"; sourceTree = "<group>"; };
		7E691E3325F4640600ED228E /* jfdctflt.c */ = {isa = PBXFileReference; fileEncoding = 4; lastKnownFileType = sourcecode.c.c; name = jfdctflt.c; path = "../../../../../android/app/src/main/cpp/jpeg-9c/jfdctflt.c"; sourceTree = "<group>"; };
		7E691E3425F4640600ED228E /* jerror.c */ = {isa = PBXFileReference; fileEncoding = 4; lastKnownFileType = sourcecode.c.c; name = jerror.c; path = "../../../../../android/app/src/main/cpp/jpeg-9c/jerror.c"; sourceTree = "<group>"; };
		7E691E3525F4640600ED228E /* jdpostct.c */ = {isa = PBXFileReference; fileEncoding = 4; lastKnownFileType = sourcecode.c.c; name = jdpostct.c; path = "../../../../../android/app/src/main/cpp/jpeg-9c/jdpostct.c"; sourceTree = "<group>"; };
		7E691E3625F4640600ED228E /* jdmerge.c */ = {isa = PBXFileReference; fileEncoding = 4; lastKnownFileType = sourcecode.c.c; name = jdmerge.c; path = "../../../../../android/app/src/main/cpp/jpeg-9c/jdmerge.c"; sourceTree = "<group>"; };
		7E691E3725F4640600ED228E /* jfdctint.c */ = {isa = PBXFileReference; fileEncoding = 4; lastKnownFileType = sourcecode.c.c; name = jfdctint.c; path = "../../../../../android/app/src/main/cpp/jpeg-9c/jfdctint.c"; sourceTree = "<group>"; };
		7E691E5025F4687E00ED228E /* wrapper.cpp */ = {isa = PBXFileReference; fileEncoding = 4; lastKnownFileType = sourcecode.cpp.cpp; path = wrapper.cpp; sourceTree = "<group>"; };
		7E691E5125F4687E00ED228E /* wrapper.hpp */ = {isa = PBXFileReference; fileEncoding = 4; lastKnownFileType = sourcecode.cpp.h; path = wrapper.hpp; sourceTree = "<group>"; };
		7E691E5825F57BE700ED228E /* jpeglib.h */ = {isa = PBXFileReference; fileEncoding = 4; lastKnownFileType = sourcecode.c.h; name = jpeglib.h; path = "../../../../../android/app/src/main/cpp/jpeg-9c/jpeglib.h"; sourceTree = "<group>"; };
		7E691E5B25FEB30000ED228E /* DualCameraCtrl.swift */ = {isa = PBXFileReference; lastKnownFileType = sourcecode.swift; path = DualCameraCtrl.swift; sourceTree = "<group>"; };
		7E691E5E25FECA0900ED228E /* VideoPreview.swift */ = {isa = PBXFileReference; lastKnownFileType = sourcecode.swift; path = VideoPreview.swift; sourceTree = "<group>"; };
		7E691E632600908C00ED228E /* PreviewView.swift */ = {isa = PBXFileReference; lastKnownFileType = sourcecode.swift; path = PreviewView.swift; sourceTree = "<group>"; };
		7E9AB3CE2636656F009A25B3 /* Main.storyboard */ = {isa = PBXFileReference; fileEncoding = 4; lastKnownFileType = file.storyboard; path = Main.storyboard; sourceTree = "<group>"; };
		7E9FCE292607DF1000223114 /* Histogram.swift */ = {isa = PBXFileReference; lastKnownFileType = sourcecode.swift; path = Histogram.swift; sourceTree = "<group>"; };
		7E9FCE2C26080DB300223114 /* ZoomFinder.swift */ = {isa = PBXFileReference; lastKnownFileType = sourcecode.swift; path = ZoomFinder.swift; sourceTree = "<group>"; };
		7EA171782609402800EF314C /* ImageProcessor.swift */ = {isa = PBXFileReference; lastKnownFileType = sourcecode.swift; path = ImageProcessor.swift; sourceTree = "<group>"; };
		7EA56532260162120064809A /* VideoPreview.metal */ = {isa = PBXFileReference; lastKnownFileType = sourcecode.metal; path = VideoPreview.metal; sourceTree = "<group>"; };
		7EA68B172626BA9500D96250 /* ImageEditorWidget.swift */ = {isa = PBXFileReference; lastKnownFileType = sourcecode.swift; path = ImageEditorWidget.swift; sourceTree = "<group>"; };
		7EA68B1A262B3BC600D96250 /* GammaFilter.swift */ = {isa = PBXFileReference; lastKnownFileType = sourcecode.swift; path = GammaFilter.swift; sourceTree = "<group>"; };
		7EA68B1D262B3BF600D96250 /* SquareFilter.swift */ = {isa = PBXFileReference; lastKnownFileType = sourcecode.swift; path = SquareFilter.swift; sourceTree = "<group>"; };
		7EA68B23262B65A400D96250 /* ScaleFilter.swift */ = {isa = PBXFileReference; lastKnownFileType = sourcecode.swift; path = ScaleFilter.swift; sourceTree = "<group>"; };
		7EA68B27262BB3F400D96250 /* ImageExporter.swift */ = {isa = PBXFileReference; lastKnownFileType = sourcecode.swift; path = ImageExporter.swift; sourceTree = "<group>"; };
		7EA68B2A262BB46900D96250 /* ImageEditorData.swift */ = {isa = PBXFileReference; lastKnownFileType = sourcecode.swift; path = ImageEditorData.swift; sourceTree = "<group>"; };
		7EA68B32262CD88A00D96250 /* MeaureCtrl.swift */ = {isa = PBXFileReference; lastKnownFileType = sourcecode.swift; path = MeaureCtrl.swift; sourceTree = "<group>"; };
		7EA68B41262DE5A800D96250 /* GraphPlot.swift */ = {isa = PBXFileReference; lastKnownFileType = sourcecode.swift; path = GraphPlot.swift; sourceTree = "<group>"; };
		7EA68B44262FA68E00D96250 /* PlotWidget.xib */ = {isa = PBXFileReference; lastKnownFileType = file.xib; path = PlotWidget.xib; sourceTree = "<group>"; };
		7EA68B472630AEA300D96250 /* MeasureCtrlScroller.swift */ = {isa = PBXFileReference; lastKnownFileType = sourcecode.swift; path = MeasureCtrlScroller.swift; sourceTree = "<group>"; };
		7EAE4282260AA815001E67C7 /* ImageUtils.swift */ = {isa = PBXFileReference; lastKnownFileType = sourcecode.swift; path = ImageUtils.swift; sourceTree = "<group>"; };
		7ED00E582635D9A500D12A4C /* RotateFilter.swift */ = {isa = PBXFileReference; lastKnownFileType = sourcecode.swift; path = RotateFilter.swift; sourceTree = "<group>"; };
		7ED00E5B26361FDC00D12A4C /* OffsetFinder.swift */ = {isa = PBXFileReference; lastKnownFileType = sourcecode.swift; path = OffsetFinder.swift; sourceTree = "<group>"; };
		7ED00E5E2636567600D12A4C /* VideoProcessor.swift */ = {isa = PBXFileReference; lastKnownFileType = sourcecode.swift; path = VideoProcessor.swift; sourceTree = "<group>"; };
		7ED00E6126365D3400D12A4C /* VideoPreviewDouble.swift */ = {isa = PBXFileReference; lastKnownFileType = sourcecode.swift; path = VideoPreviewDouble.swift; sourceTree = "<group>"; };
		7ED4E2CF260CC8D40085112E /* Matrix.swift */ = {isa = PBXFileReference; lastKnownFileType = sourcecode.swift; path = Matrix.swift; sourceTree = "<group>"; };
		7ED8F30826391E1400F3AC92 /* MoviePlayerVC.swift */ = {isa = PBXFileReference; lastKnownFileType = sourcecode.swift; path = MoviePlayerVC.swift; sourceTree = "<group>"; };
		7EFFA0F02642D72C0084F31D /* FrameRateCounter.swift */ = {isa = PBXFileReference; lastKnownFileType = sourcecode.swift; path = FrameRateCounter.swift; sourceTree = "<group>"; };
		EC2420F70CDDEE952EAF95AA /* Pods-stereoCamera.release.xcconfig */ = {isa = PBXFileReference; includeInIndex = 1; lastKnownFileType = text.xcconfig; name = "Pods-stereoCamera.release.xcconfig"; path = "Target Support Files/Pods-stereoCamera/Pods-stereoCamera.release.xcconfig"; sourceTree = "<group>"; };
/* End PBXFileReference section */

/* Begin PBXFrameworksBuildPhase section */
		7C6CD10E20D0DA530010F6B1 /* Frameworks */ = {
			isa = PBXFrameworksBuildPhase;
			buildActionMask = 2147483647;
			files = (
			);
			runOnlyForDeploymentPostprocessing = 0;
		};
/* End PBXFrameworksBuildPhase section */

/* Begin PBXGroup section */
		22AE069CF9A4E3EC160C53FE /* Pods */ = {
			isa = PBXGroup;
			children = (
				60973B20CF136EB93500D7B4 /* Pods-stereoCamera.debug.xcconfig */,
				EC2420F70CDDEE952EAF95AA /* Pods-stereoCamera.release.xcconfig */,
			);
			name = Pods;
			path = ../Pods;
			sourceTree = "<group>";
		};
		7C6CD10820D0DA530010F6B1 = {
			isa = PBXGroup;
			children = (
				7C6CD11320D0DA530010F6B1 /* stereoCamera */,
				7C6CD11220D0DA530010F6B1 /* Products */,
				7C6CD13720D1C2870010F6B1 /* Frameworks */,
				22AE069CF9A4E3EC160C53FE /* Pods */,
			);
			sourceTree = "<group>";
		};
		7C6CD11220D0DA530010F6B1 /* Products */ = {
			isa = PBXGroup;
			children = (
				7C6CD11120D0DA530010F6B1 /* stereoCamera.app */,
			);
			name = Products;
			sourceTree = "<group>";
		};
		7C6CD11320D0DA530010F6B1 /* stereoCamera */ = {
			isa = PBXGroup;
			children = (
				7E9AB3CE2636656F009A25B3 /* Main.storyboard */,
				7E691E5025F4687E00ED228E /* wrapper.cpp */,
				7E691E5125F4687E00ED228E /* wrapper.hpp */,
				7E691C3C25F461FD00ED228E /* cpp */,
				7C1E4A0C2139A287005F1944 /* assets */,
				7C6CD13F20D247520010F6B1 /* stereoCamera-Bridging-Header.h */,
				7CDC416920D4F0D8005BE7A8 /* Util */,
				7C6CD13A20D1C2870010F6B1 /* stereoCamera.entitlements */,
				7C6CD13120D1BF260010F6B1 /* Comm */,
				7CDC416E20D75BFD005BE7A8 /* Widget */,
				7C6CD12C20D1B2080010F6B1 /* Controllers */,
				7C6CD11420D0DA530010F6B1 /* AppDelegate.swift */,
				7C6CD11B20D0DA550010F6B1 /* Assets.xcassets */,
				7C6CD11D20D0DA550010F6B1 /* LaunchScreen.storyboard */,
				7C6CD12020D0DA550010F6B1 /* Info.plist */,
			);
			path = stereoCamera;
			sourceTree = "<group>";
		};
		7C6CD12C20D1B2080010F6B1 /* Controllers */ = {
			isa = PBXGroup;
			children = (
				7EA68B162626BA7900D96250 /* ImageEditor */,
				7E5A0124261A85EC00BF8D86 /* subCtrl */,
				7CAD57B72118F493007205B2 /* LoadingPopupCtrl.swift */,
				7CEE471E21433334009909EF /* ExportSelectCtrl.swift */,
				7CC66B7520E0BC5800AF811B /* MasterShake.swift */,
				7C6CD12F20D1B4FD0010F6B1 /* ConnectCtrl.swift */,
				7CDC416C20D751EC005BE7A8 /* CameraMasterCtrl.swift */,
				7CDC467620DAFE9E005BE7A8 /* GalleryGridCtrl.swift */,
				7C35B69520DD766B00500196 /* GalleryPlaybackCtrl.swift */,
				7CC66B6F20E09F4900AF811B /* CameraSlaveCtrl.swift */,
				7CC66B7120E09FB500AF811B /* CameraBaseCtrl.swift */,
				7CA546FA21085A9600C81830 /* SettingsCtrl.swift */,
				7CF59841210E08DC0015260C /* SettingsListSelectorCtrl.swift */,
				7CAE81CE2138C2850022569D /* SettingsHtmlCtrl.swift */,
				7E691E5B25FEB30000ED228E /* DualCameraCtrl.swift */,
				7E5A012B261EBB0B00BF8D86 /* ImageEditorCtrl.swift */,
				7EA68B32262CD88A00D96250 /* MeaureCtrl.swift */,
				7ED8F30826391E1400F3AC92 /* MoviePlayerVC.swift */,
			);
			path = Controllers;
			sourceTree = "<group>";
		};
		7C6CD13120D1BF260010F6B1 /* Comm */ = {
			isa = PBXGroup;
			children = (
				7CDC416220D39DBA005BE7A8 /* Commands */,
				7C6CD13B20D2223B0010F6B1 /* CommManager.swift */,
				7CDC416020D397C4005BE7A8 /* Comm.swift */,
				7CDC415D20D39458005BE7A8 /* Comm.cpp */,
				7CDC415E20D39458005BE7A8 /* Comm.hpp */,
				7CCB728B20E2137F000BE923 /* SlaveState.swift */,
			);
			path = Comm;
			sourceTree = "<group>";
		};
		7C6CD13720D1C2870010F6B1 /* Frameworks */ = {
			isa = PBXGroup;
			children = (
				6A60E4A48676C41FF65654A2 /* libPods-stereoCamera.a */,
			);
			name = Frameworks;
			sourceTree = "<group>";
		};
		7CDC416220D39DBA005BE7A8 /* Commands */ = {
			isa = PBXGroup;
			children = (
				7CDC416320D39DD3005BE7A8 /* Ping.swift */,
				7CDC416520D39DF6005BE7A8 /* CommandTypes.swift */,
				7CDC416720D40F21005BE7A8 /* Command.swift */,
				7CCB728520E1B137000BE923 /* Handshake.swift */,
				7CCB728720E20CFA000BE923 /* SendStatus.swift */,
				7CCB728F20E2F2C0000BE923 /* Version.swift */,
				7CCB729120E36EA8000BE923 /* SetFacing.swift */,
				7CCB729320E374C4000BE923 /* SetOverlay.swift */,
				7CCB729520E3ECFA000BE923 /* FireShutter.swift */,
				7CCB729720E5ADCA000BE923 /* SendPhoto.swift */,
				7CCB729E20F024C0000BE923 /* SetZoom.swift */,
				7CCB72A220F41602000BE923 /* Disconnect.swift */,
				7CCB72A620F418F1000BE923 /* ConnectionPause.swift */,
				7C84966E20F990CF00C50601 /* SendGravity.swift */,
				7CF59845211234980015260C /* SetCaptureQuality.swift */,
				7CAE81C821273B2A0022569D /* LatencyTest.swift */,
				7CAE81CA212F408F0022569D /* ID.swift */,
			);
			path = Commands;
			sourceTree = "<group>";
		};
		7CDC416920D4F0D8005BE7A8 /* Util */ = {
			isa = PBXGroup;
			children = (
				7CDC416A20D4F0F6005BE7A8 /* Bytes.swift */,
				7C2E237120DB0A380027A2F5 /* Files.swift */,
				7CCB728D20E2A412000BE923 /* Listeners.swift */,
				7CCB729C20E8B4AC000BE923 /* Cookie.swift */,
				7C84967220FD5B0F00C50601 /* Angles.swift */,
				7CAE81CC212F69E20022569D /* Statistics.swift */,
				7C1E4A1021419B96005F1944 /* ImageProvider.swift */,
				7E9FCE292607DF1000223114 /* Histogram.swift */,
				7E9FCE2C26080DB300223114 /* ZoomFinder.swift */,
				7EA171782609402800EF314C /* ImageProcessor.swift */,
				7EAE4282260AA815001E67C7 /* ImageUtils.swift */,
				7ED4E2CF260CC8D40085112E /* Matrix.swift */,
				7E5A01212618EFDC00BF8D86 /* MulticastDelegate.swift */,
				7E5A0132262678A400BF8D86 /* ImagePostProcessor.swift */,
				7EA68B27262BB3F400D96250 /* ImageExporter.swift */,
				7EA68B2A262BB46900D96250 /* ImageEditorData.swift */,
				7ED00E5B26361FDC00D12A4C /* OffsetFinder.swift */,
				7ED00E5E2636567600D12A4C /* VideoProcessor.swift */,
				7EFFA0F02642D72C0084F31D /* FrameRateCounter.swift */,
			);
			path = Util;
			sourceTree = "<group>";
		};
		7CDC416E20D75BFD005BE7A8 /* Widget */ = {
			isa = PBXGroup;
			children = (
				7CDC416F20D75C16005BE7A8 /* CameraPreview.swift */,
				7CDC417320D987AD005BE7A8 /* DesignableWidget.swift */,
				7CDC467A20DB02AB005BE7A8 /* GalleryGridWidget.swift */,
				7C35B69320DD6B5C00500196 /* GalleryGridLayout.swift */,
				7CC66B7320E0A04E00AF811B /* GalleryBtn.swift */,
				7CCB729920E75072000BE923 /* DesignableTextField.swift */,
				7C84967020FD4D8E00C50601 /* LevelWidget.swift */,
				7CF5983F210B828F0015260C /* CameraPreviewOverlay.swift */,
				7CF59843211157810015260C /* SettingsListWidget.swift */,
				7CAD57B92119215D007205B2 /* LoadSpinner.swift */,
				7CAD57BB211A2BEC007205B2 /* ClickableButton.swift */,
				7C1E4A0E214103AA005F1944 /* GalleryGridHeader.swift */,
				7E691E5E25FECA0900ED228E /* VideoPreview.swift */,
				7E691E632600908C00ED228E /* PreviewView.swift */,
				7EA56532260162120064809A /* VideoPreview.metal */,
				7EA68B41262DE5A800D96250 /* GraphPlot.swift */,
				7EA68B44262FA68E00D96250 /* PlotWidget.xib */,
				7EA68B472630AEA300D96250 /* MeasureCtrlScroller.swift */,
				7ED00E6126365D3400D12A4C /* VideoPreviewDouble.swift */,
			);
			path = Widget;
			sourceTree = "<group>";
		};
		7E5A0124261A85EC00BF8D86 /* subCtrl */ = {
			isa = PBXGroup;
			children = (
				7E5A0125261A860600BF8D86 /* DualCameraMultiCameraCtrl.swift */,
				7E5A0128261A940500BF8D86 /* DualCameraLegacyCameraCtrl.swift */,
			);
			path = subCtrl;
			sourceTree = "<group>";
		};
		7E691C3C25F461FD00ED228E /* cpp */ = {
			isa = PBXGroup;
			children = (
				7E691C3D25F461FD00ED228E /* jpegCtrl.cpp */,
				7E691C3E25F461FD00ED228E /* util.cpp */,
				7E691C3F25F461FD00ED228E /* PreProcessor.cpp */,
				7E691C4025F461FD00ED228E /* Image.cpp */,
				7E691C4125F461FD00ED228E /* jpeg-9c */,
				7E691D0125F461FE00ED228E /* RedCyanCompositeImageStream.cpp */,
				7E691D0325F461FE00ED228E /* AnaglyphCompositeImageStream.cpp */,
				7E691D0425F461FE00ED228E /* include */,
				7E691D1025F461FE00ED228E /* GreenMagentaCompositeImageStream.cpp */,
				7E691D1325F461FE00ED228E /* SplitCompositeImageStream.cpp */,
			);
			path = cpp;
			sourceTree = "<group>";
		};
		7E691C4125F461FD00ED228E /* jpeg-9c */ = {
			isa = PBXGroup;
			children = (
				7E691E5825F57BE700ED228E /* jpeglib.h */,
				7E691E2B25F4640600ED228E /* jdmaster.c */,
				7E691E3625F4640600ED228E /* jdmerge.c */,
				7E691E3525F4640600ED228E /* jdpostct.c */,
				7E691E2725F4640600ED228E /* jdsample.c */,
				7E691E3025F4640600ED228E /* jdtrans.c */,
				7E691E3425F4640600ED228E /* jerror.c */,
				7E691E3325F4640600ED228E /* jfdctflt.c */,
				7E691E2D25F4640600ED228E /* jfdctfst.c */,
				7E691E3725F4640600ED228E /* jfdctint.c */,
				7E691E3225F4640600ED228E /* jidctflt.c */,
				7E691E2C25F4640600ED228E /* jidctfst.c */,
				7E691E3125F4640600ED228E /* jidctint.c */,
				7E691E2E25F4640600ED228E /* jmemmgr.c */,
				7E691E2825F4640600ED228E /* jmemname.c */,
				7E691E2A25F4640600ED228E /* jquant1.c */,
				7E691E2925F4640600ED228E /* jquant2.c */,
				7E691E2F25F4640600ED228E /* jutils.c */,
				7E691E1D25F463CB00ED228E /* jdatasrc.c */,
				7E691E1725F463CB00ED228E /* jdcoefct.c */,
				7E691E1C25F463CB00ED228E /* jdcolor.c */,
				7E691E1A25F463CB00ED228E /* jddctmgr.c */,
				7E691E1625F463CB00ED228E /* jdhuff.c */,
				7E691E1825F463CB00ED228E /* jdinput.c */,
				7E691E1B25F463CB00ED228E /* jdmainct.c */,
				7E691E1925F463CB00ED228E /* jdmarker.c */,
				7E691E0D25F463AD00ED228E /* jcprepct.c */,
				7E691E0925F463AC00ED228E /* jcsample.c */,
				7E691E0725F463AC00ED228E /* jctrans.c */,
				7E691E0B25F463AD00ED228E /* jdapimin.c */,
				7E691E0825F463AC00ED228E /* jdapistd.c */,
				7E691E0C25F463AD00ED228E /* jdarith.c */,
				7E691E0A25F463AC00ED228E /* jdatadst.c */,
				7E691DF025F4638400ED228E /* jaricom.c */,
				7E691DEF25F4638400ED228E /* jcapimin.c */,
				7E691DEB25F4638400ED228E /* jcapistd.c */,
				7E691DF525F4638400ED228E /* jcarith.c */,
				7E691DEC25F4638400ED228E /* jccoefct.c */,
				7E691DF225F4638400ED228E /* jccolor.c */,
				7E691DED25F4638400ED228E /* jcdctmgr.c */,
				7E691DF425F4638400ED228E /* jchuff.c */,
				7E691DF325F4638400ED228E /* jcinit.c */,
				7E691DF125F4638400ED228E /* jcmainct.c */,
				7E691DEE25F4638400ED228E /* jcmarker.c */,
				7E691DF725F4638400ED228E /* jcmaster.c */,
				7E691DEA25F4638400ED228E /* jcomapi.c */,
				7E691DF625F4638400ED228E /* jcparam.c */,
			);
			path = "jpeg-9c";
			sourceTree = "<group>";
		};
		7E691D0425F461FE00ED228E /* include */ = {
			isa = PBXGroup;
			children = (
				7E691D0525F461FE00ED228E /* CompositeImage.h */,
				7E691D0625F461FE00ED228E /* util.h */,
				7E691D0725F461FE00ED228E /* GreenMagentaCompositeImageStream.h */,
				7E691D0825F461FE00ED228E /* RedCyanCompositeImageStream.h */,
				7E691D0925F461FE00ED228E /* SplitCompositeImageStream.h */,
				7E691D0A25F461FE00ED228E /* jpegCtrl.hpp */,
				7E691D0B25F461FE00ED228E /* AnaglyphCompositeImageStream.h */,
				7E691D0C25F461FE00ED228E /* Image.h */,
				7E691D0D25F461FE00ED228E /* PreProcessor.h */,
				7E691D0E25F461FE00ED228E /* SideData.h */,
			);
			path = include;
			sourceTree = "<group>";
		};
		7EA68B162626BA7900D96250 /* ImageEditor */ = {
			isa = PBXGroup;
			children = (
				7EA68B172626BA9500D96250 /* ImageEditorWidget.swift */,
				7EA68B1A262B3BC600D96250 /* GammaFilter.swift */,
				7EA68B1D262B3BF600D96250 /* SquareFilter.swift */,
				7EA68B23262B65A400D96250 /* ScaleFilter.swift */,
				7ED00E582635D9A500D12A4C /* RotateFilter.swift */,
			);
			path = ImageEditor;
			sourceTree = "<group>";
		};
/* End PBXGroup section */

/* Begin PBXHeadersBuildPhase section */
		7CDC464320DA9220005BE7A8 /* Headers */ = {
			isa = PBXHeadersBuildPhase;
			buildActionMask = 2147483647;
			files = (
				7E691E5925F57BE700ED228E /* jpeglib.h in Headers */,
				7E691DDA25F461FF00ED228E /* util.h in Headers */,
				7E691DD925F461FF00ED228E /* CompositeImage.h in Headers */,
				7E691E5325F4687F00ED228E /* wrapper.hpp in Headers */,
				7E691DDC25F461FF00ED228E /* RedCyanCompositeImageStream.h in Headers */,
				7E691DE125F461FF00ED228E /* PreProcessor.h in Headers */,
				7E691DE225F461FF00ED228E /* SideData.h in Headers */,
				7E691DDB25F461FF00ED228E /* GreenMagentaCompositeImageStream.h in Headers */,
				7E691DDF25F461FF00ED228E /* AnaglyphCompositeImageStream.h in Headers */,
				7E691DE025F461FF00ED228E /* Image.h in Headers */,
				7E691DDE25F461FF00ED228E /* jpegCtrl.hpp in Headers */,
				7E691DDD25F461FF00ED228E /* SplitCompositeImageStream.h in Headers */,
			);
			runOnlyForDeploymentPostprocessing = 0;
		};
/* End PBXHeadersBuildPhase section */

/* Begin PBXNativeTarget section */
		7C6CD11020D0DA530010F6B1 /* stereoCamera */ = {
			isa = PBXNativeTarget;
			buildConfigurationList = 7C6CD12320D0DA550010F6B1 /* Build configuration list for PBXNativeTarget "stereoCamera" */;
			buildPhases = (
				B2BDFCF82463D71FC1DF4672 /* [CP] Check Pods Manifest.lock */,
				7C6CD10D20D0DA530010F6B1 /* Sources */,
				7C6CD10E20D0DA530010F6B1 /* Frameworks */,
				7C6CD10F20D0DA530010F6B1 /* Resources */,
				7CDC464320DA9220005BE7A8 /* Headers */,
			);
			buildRules = (
			);
			dependencies = (
			);
			name = stereoCamera;
			productName = stereoCamera;
			productReference = 7C6CD11120D0DA530010F6B1 /* stereoCamera.app */;
			productType = "com.apple.product-type.application";
		};
/* End PBXNativeTarget section */

/* Begin PBXProject section */
		7C6CD10920D0DA530010F6B1 /* Project object */ = {
			isa = PBXProject;
			attributes = {
				LastSwiftUpdateCheck = 0940;
				LastUpgradeCheck = 0940;
				ORGANIZATIONNAME = cody;
				TargetAttributes = {
					7C6CD11020D0DA530010F6B1 = {
						CreatedOnToolsVersion = 9.4;
						LastSwiftMigration = 0940;
						SystemCapabilities = {
							com.apple.WAC = {
								enabled = 0;
							};
						};
					};
				};
			};
			buildConfigurationList = 7C6CD10C20D0DA530010F6B1 /* Build configuration list for PBXProject "stereoCamera" */;
			compatibilityVersion = "Xcode 9.3";
			developmentRegion = en;
			hasScannedForEncodings = 0;
			knownRegions = (
				en,
				Base,
			);
			mainGroup = 7C6CD10820D0DA530010F6B1;
			productRefGroup = 7C6CD11220D0DA530010F6B1 /* Products */;
			projectDirPath = "";
			projectRoot = "";
			targets = (
				7C6CD11020D0DA530010F6B1 /* stereoCamera */,
			);
		};
/* End PBXProject section */

/* Begin PBXResourcesBuildPhase section */
		7C6CD10F20D0DA530010F6B1 /* Resources */ = {
			isa = PBXResourcesBuildPhase;
			buildActionMask = 2147483647;
			files = (
				7C1E4A0D2139A287005F1944 /* assets in Resources */,
				7E9AB3CF2636656F009A25B3 /* Main.storyboard in Resources */,
				7C6CD11F20D0DA550010F6B1 /* LaunchScreen.storyboard in Resources */,
				7C6CD11C20D0DA550010F6B1 /* Assets.xcassets in Resources */,
				7EA68B45262FA68E00D96250 /* PlotWidget.xib in Resources */,
			);
			runOnlyForDeploymentPostprocessing = 0;
		};
/* End PBXResourcesBuildPhase section */

/* Begin PBXShellScriptBuildPhase section */
		B2BDFCF82463D71FC1DF4672 /* [CP] Check Pods Manifest.lock */ = {
			isa = PBXShellScriptBuildPhase;
			buildActionMask = 2147483647;
			files = (
			);
			inputFileListPaths = (
			);
			inputPaths = (
				"${PODS_PODFILE_DIR_PATH}/Podfile.lock",
				"${PODS_ROOT}/Manifest.lock",
			);
			name = "[CP] Check Pods Manifest.lock";
			outputFileListPaths = (
			);
			outputPaths = (
				"$(DERIVED_FILE_DIR)/Pods-stereoCamera-checkManifestLockResult.txt",
			);
			runOnlyForDeploymentPostprocessing = 0;
			shellPath = /bin/sh;
			shellScript = "diff \"${PODS_PODFILE_DIR_PATH}/Podfile.lock\" \"${PODS_ROOT}/Manifest.lock\" > /dev/null\nif [ $? != 0 ] ; then\n    # print error to STDERR\n    echo \"error: The sandbox is not in sync with the Podfile.lock. Run 'pod install' or update your CocoaPods installation.\" >&2\n    exit 1\nfi\n# This output is used by Xcode 'outputs' to avoid re-running this script phase.\necho \"SUCCESS\" > \"${SCRIPT_OUTPUT_FILE_0}\"\n";
			showEnvVarsInLog = 0;
		};
/* End PBXShellScriptBuildPhase section */

/* Begin PBXSourcesBuildPhase section */
		7C6CD10D20D0DA530010F6B1 /* Sources */ = {
			isa = PBXSourcesBuildPhase;
			buildActionMask = 2147483647;
			files = (
				7E9FCE2D26080DB300223114 /* ZoomFinder.swift in Sources */,
				7EFFA0F12642D72C0084F31D /* FrameRateCounter.swift in Sources */,
				7E691E4D25F4654900ED228E /* Comm.cpp in Sources */,
				7EA171792609402800EF314C /* ImageProcessor.swift in Sources */,
				7E691E4425F4640600ED228E /* jfdctflt.c in Sources */,
				7CDC467B20DB02AB005BE7A8 /* GalleryGridWidget.swift in Sources */,
				7CCB729820E5ADCA000BE923 /* SendPhoto.swift in Sources */,
				7CAD57BC211A2BEC007205B2 /* ClickableButton.swift in Sources */,
				7CCB729420E374C4000BE923 /* SetOverlay.swift in Sources */,
				7CCB729D20E8B4AC000BE923 /* Cookie.swift in Sources */,
				7E691E4025F4640600ED228E /* jutils.c in Sources */,
				7E691DFF25F4638400ED228E /* jcmainct.c in Sources */,
				7E691E0025F4638400ED228E /* jccolor.c in Sources */,
				7E691E3925F4640600ED228E /* jmemname.c in Sources */,
				7CCB72A320F41602000BE923 /* Disconnect.swift in Sources */,
				7E5A0126261A860600BF8D86 /* DualCameraMultiCameraCtrl.swift in Sources */,
				7EA68B1B262B3BC600D96250 /* GammaFilter.swift in Sources */,
				7E691E1125F463AD00ED228E /* jdatadst.c in Sources */,
				7EA68B42262DE5A800D96250 /* GraphPlot.swift in Sources */,
				7E691DFC25F4638400ED228E /* jcmarker.c in Sources */,
				7CAE81CF2138C2850022569D /* SettingsHtmlCtrl.swift in Sources */,
				7E691E2125F463CB00ED228E /* jdmarker.c in Sources */,
				7CC66B7220E09FB500AF811B /* CameraBaseCtrl.swift in Sources */,
				7CCB729F20F024C0000BE923 /* SetZoom.swift in Sources */,
				7E691E5225F4687F00ED228E /* wrapper.cpp in Sources */,
				7CCB729A20E75072000BE923 /* DesignableTextField.swift in Sources */,
				7E691DE425F461FF00ED228E /* GreenMagentaCompositeImageStream.cpp in Sources */,
				7E5A0133262678A400BF8D86 /* ImagePostProcessor.swift in Sources */,
				7E691E1F25F463CB00ED228E /* jdcoefct.c in Sources */,
				7CC66B7620E0BC5800AF811B /* MasterShake.swift in Sources */,
				7CAD57BA2119215D007205B2 /* LoadSpinner.swift in Sources */,
				7E691DD825F461FF00ED228E /* AnaglyphCompositeImageStream.cpp in Sources */,
				7CDC467720DAFE9E005BE7A8 /* GalleryGridCtrl.swift in Sources */,
				7C84966F20F990CF00C50601 /* SendGravity.swift in Sources */,
				7CCB728820E20CFA000BE923 /* SendStatus.swift in Sources */,
				7ED00E592635D9A500D12A4C /* RotateFilter.swift in Sources */,
				7E691E5C25FEB30000ED228E /* DualCameraCtrl.swift in Sources */,
				7CF59840210B828F0015260C /* CameraPreviewOverlay.swift in Sources */,
				7E691E5F25FECA0900ED228E /* VideoPreview.swift in Sources */,
				7E691E0525F4638400ED228E /* jcmaster.c in Sources */,
				7C84967320FD5B0F00C50601 /* Angles.swift in Sources */,
				7C2E237220DB0A380027A2F5 /* Files.swift in Sources */,
				7E691E1225F463AD00ED228E /* jdapimin.c in Sources */,
				7C1E4A0F214103AA005F1944 /* GalleryGridHeader.swift in Sources */,
				7EA68B28262BB3F400D96250 /* ImageExporter.swift in Sources */,
				7E691E3B25F4640600ED228E /* jquant1.c in Sources */,
				7CF59842210E08DC0015260C /* SettingsListSelectorCtrl.swift in Sources */,
				7CAE81CB212F408F0022569D /* ID.swift in Sources */,
				7E691E0F25F463AD00ED228E /* jdapistd.c in Sources */,
				7E691D1725F461FE00ED228E /* Image.cpp in Sources */,
				7E691E4125F4640600ED228E /* jdtrans.c in Sources */,
				7CA546FB21085A9600C81830 /* SettingsCtrl.swift in Sources */,
				7E691E2225F463CB00ED228E /* jddctmgr.c in Sources */,
				7E691E4225F4640600ED228E /* jidctint.c in Sources */,
				7E691E2525F463CB00ED228E /* jdatasrc.c in Sources */,
				7CCB729220E36EA8000BE923 /* SetFacing.swift in Sources */,
				7E691DFA25F4638400ED228E /* jccoefct.c in Sources */,
				7E691E4825F4640600ED228E /* jfdctint.c in Sources */,
				7CC66B7020E09F4900AF811B /* CameraSlaveCtrl.swift in Sources */,
				7E691DFB25F4638400ED228E /* jcdctmgr.c in Sources */,
				7E5A01222618EFDC00BF8D86 /* MulticastDelegate.swift in Sources */,
				7E691E0E25F463AD00ED228E /* jctrans.c in Sources */,
				7E691DE725F461FF00ED228E /* SplitCompositeImageStream.cpp in Sources */,
				7CF59846211234980015260C /* SetCaptureQuality.swift in Sources */,
				7CF59844211157810015260C /* SettingsListWidget.swift in Sources */,
				7E9FCE2A2607DF1000223114 /* Histogram.swift in Sources */,
				7E691E3E25F4640600ED228E /* jfdctfst.c in Sources */,
				7CCB729020E2F2C0000BE923 /* Version.swift in Sources */,
				7CCB728E20E2A412000BE923 /* Listeners.swift in Sources */,
				7ED8F30926391E1400F3AC92 /* MoviePlayerVC.swift in Sources */,
				7CC66B7420E0A04E00AF811B /* GalleryBtn.swift in Sources */,
				7E691E3A25F4640600ED228E /* jquant2.c in Sources */,
				7EA56533260162120064809A /* VideoPreview.metal in Sources */,
				7E691E1325F463AD00ED228E /* jdarith.c in Sources */,
				7CAE81CD212F69E20022569D /* Statistics.swift in Sources */,
				7E691D1425F461FE00ED228E /* jpegCtrl.cpp in Sources */,
				7EA68B33262CD88A00D96250 /* MeaureCtrl.swift in Sources */,
				7E691E3825F4640600ED228E /* jdsample.c in Sources */,
				7E691E4725F4640600ED228E /* jdmerge.c in Sources */,
				7E691E2025F463CB00ED228E /* jdinput.c in Sources */,
				7CCB729620E3ECFA000BE923 /* FireShutter.swift in Sources */,
				7E691D1625F461FE00ED228E /* PreProcessor.cpp in Sources */,
				7E691E642600908C00ED228E /* PreviewView.swift in Sources */,
				7E691E2325F463CB00ED228E /* jdmainct.c in Sources */,
				7E691E0225F4638400ED228E /* jchuff.c in Sources */,
				7EA68B1E262B3BF600D96250 /* SquareFilter.swift in Sources */,
				7E691E3F25F4640600ED228E /* jmemmgr.c in Sources */,
				7E691DFD25F4638400ED228E /* jcapimin.c in Sources */,
				7C84967120FD4D8E00C50601 /* LevelWidget.swift in Sources */,
				7CAE81C921273B2A0022569D /* LatencyTest.swift in Sources */,
				7CDC417420D987AD005BE7A8 /* DesignableWidget.swift in Sources */,
				7E691E0425F4638400ED228E /* jcparam.c in Sources */,
				7E691DD625F461FF00ED228E /* RedCyanCompositeImageStream.cpp in Sources */,
				7E691E2425F463CB00ED228E /* jdcolor.c in Sources */,
				7EAE4283260AA815001E67C7 /* ImageUtils.swift in Sources */,
				7CDC416D20D751EC005BE7A8 /* CameraMasterCtrl.swift in Sources */,
				7C1E4A1121419B96005F1944 /* ImageProvider.swift in Sources */,
				7E691DF925F4638400ED228E /* jcapistd.c in Sources */,
				7E691E0125F4638400ED228E /* jcinit.c in Sources */,
				7CAD57B82118F493007205B2 /* LoadingPopupCtrl.swift in Sources */,
				7E691E4525F4640600ED228E /* jerror.c in Sources */,
				7CEE471F21433334009909EF /* ExportSelectCtrl.swift in Sources */,
				7C6CD11520D0DA530010F6B1 /* AppDelegate.swift in Sources */,
				7C6CD13C20D2223B0010F6B1 /* CommManager.swift in Sources */,
				7CDC416420D39DD3005BE7A8 /* Ping.swift in Sources */,
				7CDC416120D397C4005BE7A8 /* Comm.swift in Sources */,
				7ED00E5C26361FDC00D12A4C /* OffsetFinder.swift in Sources */,
				7E691E3C25F4640600ED228E /* jdmaster.c in Sources */,
				7ED00E6226365D3400D12A4C /* VideoPreviewDouble.swift in Sources */,
				7E691E1E25F463CB00ED228E /* jdhuff.c in Sources */,
				7CCB72A720F418F1000BE923 /* ConnectionPause.swift in Sources */,
				7C35B69420DD6B5C00500196 /* GalleryGridLayout.swift in Sources */,
				7CDC417020D75C16005BE7A8 /* CameraPreview.swift in Sources */,
				7ED00E5F2636567600D12A4C /* VideoProcessor.swift in Sources */,
				7C35B69620DD766B00500196 /* GalleryPlaybackCtrl.swift in Sources */,
				7E691D1525F461FE00ED228E /* util.cpp in Sources */,
				7E691E0325F4638400ED228E /* jcarith.c in Sources */,
				7EA68B24262B65A400D96250 /* ScaleFilter.swift in Sources */,
				7E691E4625F4640600ED228E /* jdpostct.c in Sources */,
				7EA68B182626BA9500D96250 /* ImageEditorWidget.swift in Sources */,
				7CCB728620E1B137000BE923 /* Handshake.swift in Sources */,
				7E691DFE25F4638400ED228E /* jaricom.c in Sources */,
				7E5A012C261EBB0B00BF8D86 /* ImageEditorCtrl.swift in Sources */,
				7CDC416620D39DF6005BE7A8 /* CommandTypes.swift in Sources */,
				7E691E4325F4640600ED228E /* jidctflt.c in Sources */,
				7E691E3D25F4640600ED228E /* jidctfst.c in Sources */,
				7E691E1025F463AD00ED228E /* jcsample.c in Sources */,
				7EA68B482630AEA300D96250 /* MeasureCtrlScroller.swift in Sources */,
				7E691E1425F463AD00ED228E /* jcprepct.c in Sources */,
				7ED4E2D0260CC8D40085112E /* Matrix.swift in Sources */,
				7E5A0129261A940500BF8D86 /* DualCameraLegacyCameraCtrl.swift in Sources */,
				7C6CD13020D1B4FD0010F6B1 /* ConnectCtrl.swift in Sources */,
				7CDC416B20D4F0F6005BE7A8 /* Bytes.swift in Sources */,
				7EA68B2B262BB46900D96250 /* ImageEditorData.swift in Sources */,
				7E691DF825F4638400ED228E /* jcomapi.c in Sources */,
				7CDC416820D40F21005BE7A8 /* Command.swift in Sources */,
				7CCB728C20E2137F000BE923 /* SlaveState.swift in Sources */,
			);
			runOnlyForDeploymentPostprocessing = 0;
		};
/* End PBXSourcesBuildPhase section */

/* Begin PBXVariantGroup section */
		7C6CD11D20D0DA550010F6B1 /* LaunchScreen.storyboard */ = {
			isa = PBXVariantGroup;
			children = (
				7C6CD11E20D0DA550010F6B1 /* Base */,
			);
			name = LaunchScreen.storyboard;
			sourceTree = "<group>";
		};
/* End PBXVariantGroup section */

/* Begin XCBuildConfiguration section */
		7C6CD12120D0DA550010F6B1 /* Debug */ = {
			isa = XCBuildConfiguration;
			buildSettings = {
				ALWAYS_SEARCH_USER_PATHS = NO;
				CLANG_ANALYZER_NONNULL = YES;
				CLANG_ANALYZER_NUMBER_OBJECT_CONVERSION = YES_AGGRESSIVE;
				CLANG_CXX_LANGUAGE_STANDARD = "gnu++14";
				CLANG_CXX_LIBRARY = "libc++";
				CLANG_ENABLE_MODULES = YES;
				CLANG_ENABLE_OBJC_ARC = YES;
				CLANG_ENABLE_OBJC_WEAK = YES;
				CLANG_WARN_BLOCK_CAPTURE_AUTORELEASING = YES;
				CLANG_WARN_BOOL_CONVERSION = YES;
				CLANG_WARN_COMMA = YES;
				CLANG_WARN_CONSTANT_CONVERSION = YES;
				CLANG_WARN_DEPRECATED_OBJC_IMPLEMENTATIONS = YES;
				CLANG_WARN_DIRECT_OBJC_ISA_USAGE = YES_ERROR;
				CLANG_WARN_DOCUMENTATION_COMMENTS = YES;
				CLANG_WARN_EMPTY_BODY = YES;
				CLANG_WARN_ENUM_CONVERSION = YES;
				CLANG_WARN_INFINITE_RECURSION = YES;
				CLANG_WARN_INT_CONVERSION = YES;
				CLANG_WARN_NON_LITERAL_NULL_CONVERSION = YES;
				CLANG_WARN_OBJC_IMPLICIT_RETAIN_SELF = YES;
				CLANG_WARN_OBJC_LITERAL_CONVERSION = YES;
				CLANG_WARN_OBJC_ROOT_CLASS = YES_ERROR;
				CLANG_WARN_RANGE_LOOP_ANALYSIS = YES;
				CLANG_WARN_STRICT_PROTOTYPES = YES;
				CLANG_WARN_SUSPICIOUS_MOVE = YES;
				CLANG_WARN_UNGUARDED_AVAILABILITY = YES_AGGRESSIVE;
				CLANG_WARN_UNREACHABLE_CODE = YES;
				CLANG_WARN__DUPLICATE_METHOD_MATCH = YES;
				CODE_SIGN_IDENTITY = "iPhone Developer";
				COPY_PHASE_STRIP = NO;
				DEBUG_INFORMATION_FORMAT = dwarf;
				ENABLE_STRICT_OBJC_MSGSEND = YES;
				ENABLE_TESTABILITY = YES;
				GCC_C_LANGUAGE_STANDARD = gnu11;
				GCC_DYNAMIC_NO_PIC = NO;
				GCC_NO_COMMON_BLOCKS = YES;
				GCC_OPTIMIZATION_LEVEL = 0;
				GCC_PREPROCESSOR_DEFINITIONS = (
					"DEBUG=1",
					"$(inherited)",
				);
				GCC_WARN_64_TO_32_BIT_CONVERSION = YES;
				GCC_WARN_ABOUT_RETURN_TYPE = YES_ERROR;
				GCC_WARN_UNDECLARED_SELECTOR = YES;
				GCC_WARN_UNINITIALIZED_AUTOS = YES_AGGRESSIVE;
				GCC_WARN_UNUSED_FUNCTION = YES;
				GCC_WARN_UNUSED_VARIABLE = YES;
				IPHONEOS_DEPLOYMENT_TARGET = 11.4;
				MTL_ENABLE_DEBUG_INFO = YES;
				ONLY_ACTIVE_ARCH = YES;
				SDKROOT = iphoneos;
				SWIFT_ACTIVE_COMPILATION_CONDITIONS = DEBUG;
				SWIFT_OPTIMIZATION_LEVEL = "-Onone";
			};
			name = Debug;
		};
		7C6CD12220D0DA550010F6B1 /* Release */ = {
			isa = XCBuildConfiguration;
			buildSettings = {
				ALWAYS_SEARCH_USER_PATHS = NO;
				CLANG_ANALYZER_NONNULL = YES;
				CLANG_ANALYZER_NUMBER_OBJECT_CONVERSION = YES_AGGRESSIVE;
				CLANG_CXX_LANGUAGE_STANDARD = "gnu++14";
				CLANG_CXX_LIBRARY = "libc++";
				CLANG_ENABLE_MODULES = YES;
				CLANG_ENABLE_OBJC_ARC = YES;
				CLANG_ENABLE_OBJC_WEAK = YES;
				CLANG_WARN_BLOCK_CAPTURE_AUTORELEASING = YES;
				CLANG_WARN_BOOL_CONVERSION = YES;
				CLANG_WARN_COMMA = YES;
				CLANG_WARN_CONSTANT_CONVERSION = YES;
				CLANG_WARN_DEPRECATED_OBJC_IMPLEMENTATIONS = YES;
				CLANG_WARN_DIRECT_OBJC_ISA_USAGE = YES_ERROR;
				CLANG_WARN_DOCUMENTATION_COMMENTS = YES;
				CLANG_WARN_EMPTY_BODY = YES;
				CLANG_WARN_ENUM_CONVERSION = YES;
				CLANG_WARN_INFINITE_RECURSION = YES;
				CLANG_WARN_INT_CONVERSION = YES;
				CLANG_WARN_NON_LITERAL_NULL_CONVERSION = YES;
				CLANG_WARN_OBJC_IMPLICIT_RETAIN_SELF = YES;
				CLANG_WARN_OBJC_LITERAL_CONVERSION = YES;
				CLANG_WARN_OBJC_ROOT_CLASS = YES_ERROR;
				CLANG_WARN_RANGE_LOOP_ANALYSIS = YES;
				CLANG_WARN_STRICT_PROTOTYPES = YES;
				CLANG_WARN_SUSPICIOUS_MOVE = YES;
				CLANG_WARN_UNGUARDED_AVAILABILITY = YES_AGGRESSIVE;
				CLANG_WARN_UNREACHABLE_CODE = YES;
				CLANG_WARN__DUPLICATE_METHOD_MATCH = YES;
				CODE_SIGN_IDENTITY = "iPhone Developer";
				COPY_PHASE_STRIP = NO;
				DEBUG_INFORMATION_FORMAT = "dwarf-with-dsym";
				ENABLE_NS_ASSERTIONS = NO;
				ENABLE_STRICT_OBJC_MSGSEND = YES;
				GCC_C_LANGUAGE_STANDARD = gnu11;
				GCC_NO_COMMON_BLOCKS = YES;
				GCC_WARN_64_TO_32_BIT_CONVERSION = YES;
				GCC_WARN_ABOUT_RETURN_TYPE = YES_ERROR;
				GCC_WARN_UNDECLARED_SELECTOR = YES;
				GCC_WARN_UNINITIALIZED_AUTOS = YES_AGGRESSIVE;
				GCC_WARN_UNUSED_FUNCTION = YES;
				GCC_WARN_UNUSED_VARIABLE = YES;
				IPHONEOS_DEPLOYMENT_TARGET = 11.4;
				MTL_ENABLE_DEBUG_INFO = NO;
				SDKROOT = iphoneos;
				SWIFT_COMPILATION_MODE = wholemodule;
				SWIFT_OPTIMIZATION_LEVEL = "-O";
				VALIDATE_PRODUCT = YES;
			};
			name = Release;
		};
		7C6CD12420D0DA550010F6B1 /* Debug */ = {
			isa = XCBuildConfiguration;
			baseConfigurationReference = 60973B20CF136EB93500D7B4 /* Pods-stereoCamera.debug.xcconfig */;
			buildSettings = {
				ASSETCATALOG_COMPILER_APPICON_NAME = AppIcon;
				CLANG_ENABLE_MODULES = YES;
				CODE_SIGN_STYLE = Automatic;
				DEVELOPMENT_TEAM = SL9QPRUA59;
				GCC_CHAR_IS_UNSIGNED_CHAR = YES;
				INFOPLIST_FILE = stereoCamera/Info.plist;
				IPHONEOS_DEPLOYMENT_TARGET = 11.0;
				LD_RUNPATH_SEARCH_PATHS = (
					"$(inherited)",
					"@executable_path/Frameworks",
				);
				PRODUCT_BUNDLE_IDENTIFIER = com.mcmunger.stereoCamera;
				PRODUCT_NAME = "$(TARGET_NAME)";
				SWIFT_OBJC_BRIDGING_HEADER = "stereoCamera/stereoCamera-Bridging-Header.h";
				SWIFT_OPTIMIZATION_LEVEL = "-Onone";
				SWIFT_VERSION = 4.0;
				TARGETED_DEVICE_FAMILY = "1,2";
			};
			name = Debug;
		};
		7C6CD12520D0DA550010F6B1 /* Release */ = {
			isa = XCBuildConfiguration;
			baseConfigurationReference = EC2420F70CDDEE952EAF95AA /* Pods-stereoCamera.release.xcconfig */;
			buildSettings = {
				ASSETCATALOG_COMPILER_APPICON_NAME = AppIcon;
				CLANG_ENABLE_MODULES = YES;
				CODE_SIGN_STYLE = Automatic;
				DEVELOPMENT_TEAM = SL9QPRUA59;
				GCC_CHAR_IS_UNSIGNED_CHAR = YES;
				INFOPLIST_FILE = stereoCamera/Info.plist;
				IPHONEOS_DEPLOYMENT_TARGET = 11.0;
				LD_RUNPATH_SEARCH_PATHS = (
					"$(inherited)",
					"@executable_path/Frameworks",
				);
				PRODUCT_BUNDLE_IDENTIFIER = com.mcmunger.stereoCamera;
				PRODUCT_NAME = "$(TARGET_NAME)";
				SWIFT_OBJC_BRIDGING_HEADER = "stereoCamera/stereoCamera-Bridging-Header.h";
				SWIFT_VERSION = 4.0;
				TARGETED_DEVICE_FAMILY = "1,2";
			};
			name = Release;
		};
/* End XCBuildConfiguration section */

/* Begin XCConfigurationList section */
		7C6CD10C20D0DA530010F6B1 /* Build configuration list for PBXProject "stereoCamera" */ = {
			isa = XCConfigurationList;
			buildConfigurations = (
				7C6CD12120D0DA550010F6B1 /* Debug */,
				7C6CD12220D0DA550010F6B1 /* Release */,
			);
			defaultConfigurationIsVisible = 0;
			defaultConfigurationName = Release;
		};
		7C6CD12320D0DA550010F6B1 /* Build configuration list for PBXNativeTarget "stereoCamera" */ = {
			isa = XCConfigurationList;
			buildConfigurations = (
				7C6CD12420D0DA550010F6B1 /* Debug */,
				7C6CD12520D0DA550010F6B1 /* Release */,
			);
			defaultConfigurationIsVisible = 0;
			defaultConfigurationName = Release;
		};
/* End XCConfigurationList section */
	};
	rootObject = 7C6CD10920D0DA530010F6B1 /* Project object */;
}
